// !$*UTF8*$!
{
	archiveVersion = 1;
	classes = {
	};
	objectVersion = 77;
	objects = {

/* Begin PBXBuildFile section */
		029413DE3A4F3A5782EED830 /* MouseEventTap.swift in Sources */ = {isa = PBXBuildFile; fileRef = 84952723214A84B48A39B49C /* MouseEventTap.swift */; };
		03695EB3DCD049EC658E8DFE /* TemplateMatcherTests.swift in Sources */ = {isa = PBXBuildFile; fileRef = 2EB15E814ADB4C587A458F7A /* TemplateMatcherTests.swift */; };
		04118FC939E403409A55685F /* MenuBarView.swift in Sources */ = {isa = PBXBuildFile; fileRef = 6D98C4518A7B068EAB4F3900 /* MenuBarView.swift */; };
		0439F66CF2725C3A26986A10 /* WebDAVBackupAdapter.swift in Sources */ = {isa = PBXBuildFile; fileRef = F61007FCE8C8E0DAB1B56887 /* WebDAVBackupAdapter.swift */; };
		08EF0DFAFB058FB916B6B7EC /* GestureMatchAcceptanceTests.swift in Sources */ = {isa = PBXBuildFile; fileRef = 6DFE7ABED11FF3DE10C7A885 /* GestureMatchAcceptanceTests.swift */; };
		0A93183EE136530667B54FE7 /* DirectTrackpadGestureMatcher.swift in Sources */ = {isa = PBXBuildFile; fileRef = D08481101B5F0EA79484A82E /* DirectTrackpadGestureMatcher.swift */; };
		0C12F324F567CA73C88F835F /* GestureToastController.swift in Sources */ = {isa = PBXBuildFile; fileRef = F70FB66BC8ACE0CE6A7E15BD /* GestureToastController.swift */; };
		0D0D77472EF24AD794D6F389 /* GestureRuntime.swift in Sources */ = {isa = PBXBuildFile; fileRef = C46207ECA1DFC7078D2A6581 /* GestureRuntime.swift */; };
		0DD322180B327589CAD72E8E /* MultitouchSupportBridge.c in Sources */ = {isa = PBXBuildFile; fileRef = 039525A70024F5658EF1DADF /* MultitouchSupportBridge.c */; };
		0F29CE617C237EAF8B1A089A /* THIRD_PARTY_NOTICES.txt in Resources */ = {isa = PBXBuildFile; fileRef = EB9D52E0619148579DAE5E89 /* THIRD_PARTY_NOTICES.txt */; };
		0F627F01C53DA063261069F3 /* TemplateMatcher.swift in Sources */ = {isa = PBXBuildFile; fileRef = 32664140059A4330B3CFED9E /* TemplateMatcher.swift */; };
		12680E68B1E2318621780099 /* OnboardingDoneStep.swift in Sources */ = {isa = PBXBuildFile; fileRef = 6F31C8BDB8D6D17BAF30FEDF /* OnboardingDoneStep.swift */; };
		146A656F8C4C5E6F16B28416 /* LiveGestureViability.swift in Sources */ = {isa = PBXBuildFile; fileRef = D0EBB0D593433E146D9CACFB /* LiveGestureViability.swift */; };
		156F33CA7690E56D6BDDA218 /* GitHubGistBackupAdapter.swift in Sources */ = {isa = PBXBuildFile; fileRef = 97BC16B386D25960A1259D3B /* GitHubGistBackupAdapter.swift */; };
		178341CBA6AF4BBE91B73070 /* PermissionManager.swift in Sources */ = {isa = PBXBuildFile; fileRef = 1775A9C2F88E77D337F0C1A7 /* PermissionManager.swift */; };
		18068E8079C8896761FF1AB3 /* ShortcutRecorderTap.swift in Sources */ = {isa = PBXBuildFile; fileRef = 976B5067438C4C8D0CCEE8EB /* ShortcutRecorderTap.swift */; };
		1DD6CF90791658CDFF8D6BE2 /* PortableSettingsMerge.swift in Sources */ = {isa = PBXBuildFile; fileRef = 7F5951717E74675B15ED756B /* PortableSettingsMerge.swift */; };
		1DDC854DDF6BC04F05F5F3B6 /* GestureRuntimeModels.swift in Sources */ = {isa = PBXBuildFile; fileRef = 1F1B82D02E2D19DF94C93350 /* GestureRuntimeModels.swift */; };
		1E1C606F2E1245BCA6A64955 /* GestureTargetScreenGeometry.swift in Sources */ = {isa = PBXBuildFile; fileRef = B7400A8A33B517DE0253EF12 /* GestureTargetScreenGeometry.swift */; };
		240E075D6B30396A4567298A /* GestureTargetScreenGeometryTests.swift in Sources */ = {isa = PBXBuildFile; fileRef = 10D675512596F08CE5CE4B45 /* GestureTargetScreenGeometryTests.swift */; };
		25C560B32DC3337A8E162CB1 /* GestureInputEditorView.swift in Sources */ = {isa = PBXBuildFile; fileRef = 2F9A2C01E06BB9DBFEC1F549 /* GestureInputEditorView.swift */; };
		26BFB54CA1E4A951518FFA34 /* AppDelegate.swift in Sources */ = {isa = PBXBuildFile; fileRef = 5ED223F66901603FAB98F3B1 /* AppDelegate.swift */; };
		28E44A84AA72BC6A41FD8523 /* ConfigStore.swift in Sources */ = {isa = PBXBuildFile; fileRef = 529A15D1DC718AD44CEB4E80 /* ConfigStore.swift */; };
		294740A2D214386A7D6D8B90 /* KeyCodeNames.swift in Sources */ = {isa = PBXBuildFile; fileRef = 5D5F5E5A6350820990E34130 /* KeyCodeNames.swift */; };
		2A4F5FCFBEB94F3A83A9D745 /* MacGestureTargetCapturer.swift in Sources */ = {isa = PBXBuildFile; fileRef = 7338842227D84CFBD5B0DA9F /* MacGestureTargetCapturer.swift */; };
		2B6DA9C43709C5D395131A7A /* MouseEventTapTests.swift in Sources */ = {isa = PBXBuildFile; fileRef = 20716A72CE50AAAF14BE0080 /* MouseEventTapTests.swift */; };
		2D902E742A9EE33E7EEB9764 /* BrandIconProviderTests.swift in Sources */ = {isa = PBXBuildFile; fileRef = 3CBD29CCBDF8CF4D7E74B146 /* BrandIconProviderTests.swift */; };
		2DC0E01E80CF648666507BED /* ScriptActions.swift in Sources */ = {isa = PBXBuildFile; fileRef = 991FFA5ABA6C89FF866E3750 /* ScriptActions.swift */; };
		2EA0EF1515E3867AA1803E7B /* GestureSidebarCatalog.swift in Sources */ = {isa = PBXBuildFile; fileRef = FBF9E7C38DE9F736CE2A4865 /* GestureSidebarCatalog.swift */; };
		2FF089947D2215AE5A3E10E0 /* MacGestureTargetCapturerTests.swift in Sources */ = {isa = PBXBuildFile; fileRef = 6C02329CC00072591D2164DF /* MacGestureTargetCapturerTests.swift */; };
		330B56DE19318DEA2E4AEFCB /* GestureRecognitionTestSupport.swift in Sources */ = {isa = PBXBuildFile; fileRef = FF73E5022A41E8DECDE05684 /* GestureRecognitionTestSupport.swift */; };
		35542074433ECC3F753FC46A /* UnistrokeGeometry.swift in Sources */ = {isa = PBXBuildFile; fileRef = 6A395F4465B0B1983C2DADDB /* UnistrokeGeometry.swift */; };
		3646563D85C01E4FFDFCD27D /* GestureTestLogStore.swift in Sources */ = {isa = PBXBuildFile; fileRef = CD02CD72E02F65984F97CB58 /* GestureTestLogStore.swift */; };
		3797A2398EF19AF7C4890135 /* ConfigurationSync.swift in Sources */ = {isa = PBXBuildFile; fileRef = 94567B50F3B6EF622C4C9BB6 /* ConfigurationSync.swift */; };
		398517CFA655FE0CBA4FDB39 /* L10n.swift in Sources */ = {isa = PBXBuildFile; fileRef = 1D1B469595C655F3BB2885F2 /* L10n.swift */; };
		3A13C104E590DDF69865A5AA /* PortableSettings.swift in Sources */ = {isa = PBXBuildFile; fileRef = 77A41F19A38C5C79C34D5688 /* PortableSettings.swift */; };
		3A323DCADAB3F26A2D3DA5A1 /* ShortcutActionTests.swift in Sources */ = {isa = PBXBuildFile; fileRef = 5CE429C7D6F08B9879B8BD12 /* ShortcutActionTests.swift */; };
		3A3767446F6A0FA47FED3516 /* ConfigModels.swift in Sources */ = {isa = PBXBuildFile; fileRef = 0E984684C8AA6EE77170D9FF /* ConfigModels.swift */; };
		3DD63F18311CA1615B377DB1 /* StrokeStructureExtractor.swift in Sources */ = {isa = PBXBuildFile; fileRef = 7CA6D366778AFF733AE72056 /* StrokeStructureExtractor.swift */; };
		3EEDA88119AD7CE70468561C /* WindowActions.swift in Sources */ = {isa = PBXBuildFile; fileRef = 5D875011E0516328DF699E78 /* WindowActions.swift */; };
		40CE482C9648F3135B94C0D9 /* ShortcutConfigCompatibilityTests.swift in Sources */ = {isa = PBXBuildFile; fileRef = DD4D523700FF6CC1AD9FC324 /* ShortcutConfigCompatibilityTests.swift */; };
		44B7279194D90FFBFE32AD2C /* GesturesSettingsView.swift in Sources */ = {isa = PBXBuildFile; fileRef = 57F3BBBB6E0585911BD547E7 /* GesturesSettingsView.swift */; };
		4514A7E399E7201D87C1701D /* BackupCrypto.swift in Sources */ = {isa = PBXBuildFile; fileRef = 97B85EADE91EAB577578540E /* BackupCrypto.swift */; };
		451B7D5AA7B467FE2C636D75 /* GestureRecorderView.swift in Sources */ = {isa = PBXBuildFile; fileRef = D79557E37E9938D8280DEF14 /* GestureRecorderView.swift */; };
		467E49C1EFFB66751B22F31F /* PathSimplifier.swift in Sources */ = {isa = PBXBuildFile; fileRef = 91945376E1575B55EC3AD3A4 /* PathSimplifier.swift */; };
		482945D696FD548863BECAB8 /* UpdateInstallEnvironment.swift in Sources */ = {isa = PBXBuildFile; fileRef = 0416F5DF5B1FA8657A2CB54C /* UpdateInstallEnvironment.swift */; };
		49C72BF25B83BD3162DCB1E2 /* StrokeMouseApp.swift in Sources */ = {isa = PBXBuildFile; fileRef = C66EF571A7AE4CA0986B0816 /* StrokeMouseApp.swift */; };
		4C2AF6694FC69E3BD64F3FB2 /* AboutSettingsView.swift in Sources */ = {isa = PBXBuildFile; fileRef = C8418C26B221EF3DCC716BB6 /* AboutSettingsView.swift */; };
		4CCD1DEF59DD8181617B7749 /* DirectionQuantizer.swift in Sources */ = {isa = PBXBuildFile; fileRef = 3AD548EE50042DF725316A2E /* DirectionQuantizer.swift */; };
		4D4988EAABFCC6FF61BA80D0 /* ShortcutChordTests.swift in Sources */ = {isa = PBXBuildFile; fileRef = A68E402F136909412329BE80 /* ShortcutChordTests.swift */; };
		5013BB200F437C3F74F0F95A /* Assets.xcassets in Resources */ = {isa = PBXBuildFile; fileRef = 147B4215AD8AB06B41161F4A /* Assets.xcassets */; };
		5073361A2245CC9E9C1FCAC2 /* BackupModels.swift in Sources */ = {isa = PBXBuildFile; fileRef = CEE4923AC770F5F00382D55B /* BackupModels.swift */; };
		52A2E7657189F2AE59B06896 /* UpdateInstallEnvironmentTests.swift in Sources */ = {isa = PBXBuildFile; fileRef = 49154A7D7A13DAC7BB56C19E /* UpdateInstallEnvironmentTests.swift */; };
		535786A45EE9A7031DB247C4 /* GestureRuntimeTests.swift in Sources */ = {isa = PBXBuildFile; fileRef = A5321F89AFC319DE8B26D634 /* GestureRuntimeTests.swift */; };
		53A171DC940BF35226024869 /* TrackpadTouchModels.swift in Sources */ = {isa = PBXBuildFile; fileRef = 381EAC7C6CA1B8A8E3D3F833 /* TrackpadTouchModels.swift */; };
		543E9746C988D0E9FF494CB9 /* InstalledAppPickerSheet.swift in Sources */ = {isa = PBXBuildFile; fileRef = 822A88F82CA58D4ED1CE45FF /* InstalledAppPickerSheet.swift */; };
		5481CC5F8E2F2A01D0CF2EEF /* SettingsRootView.swift in Sources */ = {isa = PBXBuildFile; fileRef = F5BF1D107974DDF46B0DCC31 /* SettingsRootView.swift */; };
		5AC6E0CD6F03DEB61DDDC472 /* GestureTargetSessionTests.swift in Sources */ = {isa = PBXBuildFile; fileRef = D2BB52C6E5D7B37651B0CB62 /* GestureTargetSessionTests.swift */; };
		5F03EEC273468860A6BA4BC3 /* RecordedRoundedTurnGestureFixture.json in Resources */ = {isa = PBXBuildFile; fileRef = B1433691AAC42589F503744F /* RecordedRoundedTurnGestureFixture.json */; };
		6052F7EB1FC8730330B106EC /* ConfigurationSyncTests.swift in Sources */ = {isa = PBXBuildFile; fileRef = 2A35DC04E6F7120A91CB8625 /* ConfigurationSyncTests.swift */; };
		62EB66605E25A5D9D4969CD4 /* TemplateMatcherRobustnessTests.swift in Sources */ = {isa = PBXBuildFile; fileRef = 13949AD7FB3A58C54F920653 /* TemplateMatcherRobustnessTests.swift */; };
		6483D13638435CF3754CD2CF /* MultitouchSupportAdapterTests.swift in Sources */ = {isa = PBXBuildFile; fileRef = F4FE09D3666B7985788686EB /* MultitouchSupportAdapterTests.swift */; };
		670A950AACF44A7C73766022 /* ActionExecutorTests.swift in Sources */ = {isa = PBXBuildFile; fileRef = 93816688BF534D30F605C04B /* ActionExecutorTests.swift */; };
		69219E8CEC8653411F51BAD6 /* GestureTargeting.swift in Sources */ = {isa = PBXBuildFile; fileRef = 58348CA9E86A4DFA440FAF89 /* GestureTargeting.swift */; };
		6A779C63DB52943D70EDF4D2 /* GestureTargetAXAccessor.swift in Sources */ = {isa = PBXBuildFile; fileRef = 575A18BB39F81856114E6356 /* GestureTargetAXAccessor.swift */; };
		6CDAF943E2123FC84E14B7C4 /* MacGestureTargetSystemClient.swift in Sources */ = {isa = PBXBuildFile; fileRef = 5EE47074C0E261E1F10A2170 /* MacGestureTargetSystemClient.swift */; };
		6D1F01F353DD34C2D2DED17C /* PathSimplifierTests.swift in Sources */ = {isa = PBXBuildFile; fileRef = F2ED089878497180E5171D33 /* PathSimplifierTests.swift */; };
		6F0B8352B56C785773AA80C0 /* ModifierEventTapTests.swift in Sources */ = {isa = PBXBuildFile; fileRef = 42979BFAA5B73F8ECAA3E66C /* ModifierEventTapTests.swift */; };
		721E85E7E8A4D3AD7F178E9E /* UpdaterService.swift in Sources */ = {isa = PBXBuildFile; fileRef = 64B56AF8C2C5E7BC4C3E908D /* UpdaterService.swift */; };
		73AE2FC07F0098992281BDF3 /* GesturePreviewGeometry.swift in Sources */ = {isa = PBXBuildFile; fileRef = 602385BB4F214193DE32572E /* GesturePreviewGeometry.swift */; };
		76176D22C361545C290954B7 /* ActionPickerView.swift in Sources */ = {isa = PBXBuildFile; fileRef = 5BE0418F825435B9117E49E9 /* ActionPickerView.swift */; };
		777958F78D9BB56F2A98506D /* OnboardingView.swift in Sources */ = {isa = PBXBuildFile; fileRef = 54AFAC82E770FEAB174F83A2 /* OnboardingView.swift */; };
		79315B7FA09E2D872510783C /* RoundedTurnGestureRegressionTests.swift in Sources */ = {isa = PBXBuildFile; fileRef = 6EA0C7EB78CC73A148D98A56 /* RoundedTurnGestureRegressionTests.swift */; };
		7ABD9D3AADB055C7B11AE8ED /* ScriptTextArea.swift in Sources */ = {isa = PBXBuildFile; fileRef = E79923BB946697A53725B3AE /* ScriptTextArea.swift */; };
		7DCC1A5A1EE0CDB4DFC00AD8 /* MacGestureTargetCaptureSystemClient.swift in Sources */ = {isa = PBXBuildFile; fileRef = 7290E58DD73EC17FE8EFD280 /* MacGestureTargetCaptureSystemClient.swift */; };
		7DE8DB4834D4EF6AE7988EDC /* WindowActionsTests.swift in Sources */ = {isa = PBXBuildFile; fileRef = 857224F415772C5D50C8A67F /* WindowActionsTests.swift */; };
		7FE102E9A15CB153DFB95524 /* BackupRemoteAdapter.swift in Sources */ = {isa = PBXBuildFile; fileRef = 177EB7550818212C169888EC /* BackupRemoteAdapter.swift */; };
		8158A8B851DFF34D24F12D31 /* PathTemplates.swift in Sources */ = {isa = PBXBuildFile; fileRef = 32908A96E6C69947C2B8BF1F /* PathTemplates.swift */; };
		85138224BFA71E7A11E6E6D9 /* OnboardingWelcomeStep.swift in Sources */ = {isa = PBXBuildFile; fileRef = 7C656874384F388B3007071C /* OnboardingWelcomeStep.swift */; };
		8B6300ABAAAD4D6849EB6DF1 /* RecordedWideTurnGestureFixture.json in Resources */ = {isa = PBXBuildFile; fileRef = 7D1F6EC2AF6B064C91349D1B /* RecordedWideTurnGestureFixture.json */; };
		8C211C4028CCB749587D9475 /* OnboardingPermissionStep.swift in Sources */ = {isa = PBXBuildFile; fileRef = 1C788D1B156AB40831445309 /* OnboardingPermissionStep.swift */; };
		8D995A28C1B846AA0A41FFDA /* GestureRecognitionEvaluationTests.swift in Sources */ = {isa = PBXBuildFile; fileRef = 54CA52355745A5A6D9B973A2 /* GestureRecognitionEvaluationTests.swift */; };
		901EA362FE7E25FD626D9770 /* StrokeSegmentReducer.swift in Sources */ = {isa = PBXBuildFile; fileRef = 22BDFE2AA7E93AFADC6260E8 /* StrokeSegmentReducer.swift */; };
		90EE2B11459536694E1CEB31 /* Localizable.xcstrings in Resources */ = {isa = PBXBuildFile; fileRef = 94753CFBD2B86AEC2877E1F1 /* Localizable.xcstrings */; };
		970E7CBEB1F6778DD8421788 /* GestureTestLogStoreTests.swift in Sources */ = {isa = PBXBuildFile; fileRef = 4826523C9F27887D54038C3F /* GestureTestLogStoreTests.swift */; };
		977B59F5AB202F007572E37B /* CredentialVault.swift in Sources */ = {isa = PBXBuildFile; fileRef = F36DF0DA04B3B5564C71B573 /* CredentialVault.swift */; };
		9A23A82B8F056B7F43019F17 /* TrackpadTapSequenceResolver.swift in Sources */ = {isa = PBXBuildFile; fileRef = 3FF4AA635FE05F833F309BF1 /* TrackpadTapSequenceResolver.swift */; };
		9AABF720271214D69DCECB5A /* SettingsWindowController.swift in Sources */ = {isa = PBXBuildFile; fileRef = 49DAC66DC39F7BA1A4A25F47 /* SettingsWindowController.swift */; };
		9AADCAE8E18ABFBE9F6EA07F /* MultitouchSupportAdapter.swift in Sources */ = {isa = PBXBuildFile; fileRef = 4B6A6CB92C90661525BDA6D5 /* MultitouchSupportAdapter.swift */; };
		9CBF622F25393865A8BB8953 /* AppState.swift in Sources */ = {isa = PBXBuildFile; fileRef = 30BE8EFED858C370814810DF /* AppState.swift */; };
		9F37854DA1AF762096CCF218 /* ActionExecutor.swift in Sources */ = {isa = PBXBuildFile; fileRef = C5C8E981A8BD544C4280EBF2 /* ActionExecutor.swift */; };
		A05785D7C9718C89E7EF360C /* BackupRemoteAdapterTests.swift in Sources */ = {isa = PBXBuildFile; fileRef = D43EA01F5571563CE898BC4A /* BackupRemoteAdapterTests.swift */; };
		A4B89431562F557A3DB2DECA /* TrackpadGestureClassifierTests.swift in Sources */ = {isa = PBXBuildFile; fileRef = EC8150B920A4A65C4D952582 /* TrackpadGestureClassifierTests.swift */; };
		AC120BF8923544C793A151B2 /* GestureSessionGate.swift in Sources */ = {isa = PBXBuildFile; fileRef = 938BFD171C47D40366CCBB4E /* GestureSessionGate.swift */; };
		ACC22C5934BAC6C3D508658C /* RecordedPeakGestureFixture.json in Resources */ = {isa = PBXBuildFile; fileRef = E7D00A1B0CD2EDA8D001D417 /* RecordedPeakGestureFixture.json */; };
		AE5269ADCB61E07080114265 /* OnboardingGestureDemoStep.swift in Sources */ = {isa = PBXBuildFile; fileRef = 9516A610B12F2564617DFB02 /* OnboardingGestureDemoStep.swift */; };
		AE5A014CA2DE40FF80FCF82F /* GeneralSettingsView.swift in Sources */ = {isa = PBXBuildFile; fileRef = F9C6FCA0A4196CE5CF54B1FE /* GeneralSettingsView.swift */; };
		AFC1F6D12E7756E0E69FC246 /* AppleScriptPresetTests.swift in Sources */ = {isa = PBXBuildFile; fileRef = 336195192821619700D648E6 /* AppleScriptPresetTests.swift */; };
		B0ACCE525FB81B91CDDBEBBC /* WideTurnGestureRegressionTests.swift in Sources */ = {isa = PBXBuildFile; fileRef = 028665E78A611CE3540B0F40 /* WideTurnGestureRegressionTests.swift */; };
		B331119296C88DF2C2D1B7BA /* DirectTrackpadGestureMatcherTests.swift in Sources */ = {isa = PBXBuildFile; fileRef = 33561D1F5A6EBFDCA214257B /* DirectTrackpadGestureMatcherTests.swift */; };
		B3FFD040044A1488C02E9333 /* ConfigurationSyncPersistence.swift in Sources */ = {isa = PBXBuildFile; fileRef = 6F61904CB5320A9A03A3857F /* ConfigurationSyncPersistence.swift */; };
		B58EFA9BC0DE9C46FCCA410A /* TrackpadTapSequenceResolverTests.swift in Sources */ = {isa = PBXBuildFile; fileRef = 4004C004651EDE31AE065864 /* TrackpadTapSequenceResolverTests.swift */; };
		B80BE40DA1B47024F88B922E /* GestureEditorView.swift in Sources */ = {isa = PBXBuildFile; fileRef = E274C0BB3CD32706BC07696A /* GestureEditorView.swift */; };
		B8441D2B35F22167CE5DFB3B /* ShortcutRecordingStateTests.swift in Sources */ = {isa = PBXBuildFile; fileRef = 8BF18EBFBDB8449C757BABFB /* ShortcutRecordingStateTests.swift */; };
		B8EAD7909208F1B62AE87E28 /* MediaActions.swift in Sources */ = {isa = PBXBuildFile; fileRef = 2997615DB065E884F3C9FC6E /* MediaActions.swift */; };
		B9960543D46B76C5E9815B62 /* StrokeStructureMatcher.swift in Sources */ = {isa = PBXBuildFile; fileRef = 03CB92F4A8F87C446CB53E21 /* StrokeStructureMatcher.swift */; };
		B9C7977DC5CD3A9DFBE67483 /* GestureInputCatalog.swift in Sources */ = {isa = PBXBuildFile; fileRef = 38AF912BB42787B967675B7F /* GestureInputCatalog.swift */; };
		B9C9F65019AB0739CAAA8D27 /* AppScopeEditorView.swift in Sources */ = {isa = PBXBuildFile; fileRef = ED0EFAFC9FCCFA90E3875CE0 /* AppScopeEditorView.swift */; };
		C17AD4EA4BE6FA1A7CAC2DD2 /* ShortcutAction.swift in Sources */ = {isa = PBXBuildFile; fileRef = FED9091D8ED32A1C4482A7B9 /* ShortcutAction.swift */; };
		C25F1F437546584684E4D2F3 /* BackupMergePlannerTests.swift in Sources */ = {isa = PBXBuildFile; fileRef = EA4A4174386E01996C2659FC /* BackupMergePlannerTests.swift */; };
		C5705C1D05286672AC505423 /* PermissionsSettingsView.swift in Sources */ = {isa = PBXBuildFile; fileRef = F650D208EF74E02DBE3D6370 /* PermissionsSettingsView.swift */; };
		C73B963959ECDF8C29C7511E /* DrawingStyle.swift in Sources */ = {isa = PBXBuildFile; fileRef = 6C6DD3645A4D5B33AF8C3B83 /* DrawingStyle.swift */; };
		CDD2ECA1028672B3E798F734 /* BackupCodecTests.swift in Sources */ = {isa = PBXBuildFile; fileRef = 6560067B76623B27EB0D659D /* BackupCodecTests.swift */; };
		CF391611AFCD5B70650F13A9 /* SyncSettingsView.swift in Sources */ = {isa = PBXBuildFile; fileRef = 0BE55977BE8B6B5236826A1C /* SyncSettingsView.swift */; };
		D11A3170168D8AD975B9B642 /* DrawingStyleTests.swift in Sources */ = {isa = PBXBuildFile; fileRef = 4C9C3C1F6C1ECD7F93858EA5 /* DrawingStyleTests.swift */; };
		D291D46AD32BE5FA4DDAC557 /* GestureHUDController.swift in Sources */ = {isa = PBXBuildFile; fileRef = 3EFEF2226F3465CF928289C0 /* GestureHUDController.swift */; };
		D56C1EDF0A7A9A819C69673E /* ThinScroller.swift in Sources */ = {isa = PBXBuildFile; fileRef = C5D2CE5C0DBA0FAF5EFACD93 /* ThinScroller.swift */; };
		D62E3810899D0262810ADAC5 /* ModifierEventTap.swift in Sources */ = {isa = PBXBuildFile; fileRef = 067EB66E5A0730B45DD3CDC9 /* ModifierEventTap.swift */; };
		D6B620376FB1F6A13567B4CE /* PortableSettingsTests.swift in Sources */ = {isa = PBXBuildFile; fileRef = 1F95096A51EEB34D4E90128F /* PortableSettingsTests.swift */; };
		D7420DE820BA3DCCF762CD80 /* GestureSessionGateTests.swift in Sources */ = {isa = PBXBuildFile; fileRef = 1CBD687F412774AB57EF266A /* GestureSessionGateTests.swift */; };
		D85CCB3101AB81ED2D8B2509 /* AppInfoLookup.swift in Sources */ = {isa = PBXBuildFile; fileRef = 4BA8FAE67C204CC720FCDDC3 /* AppInfoLookup.swift */; };
		D9B76A9D12CB36947ADC7CF0 /* GesturePreviewGeometryTests.swift in Sources */ = {isa = PBXBuildFile; fileRef = 3F9B2AA436B8CCF6AA8B824D /* GesturePreviewGeometryTests.swift */; };
		DD586AF3FCC817BF66A40AE4 /* ScriptSyntaxHighlighterTests.swift in Sources */ = {isa = PBXBuildFile; fileRef = 6B129D1D7D12193759616495 /* ScriptSyntaxHighlighterTests.swift */; };
		DE7A59AA3616B16DEA93E492 /* LaunchAtLogin in Frameworks */ = {isa = PBXBuildFile; productRef = D3668B03DF4D1270ACA75381 /* LaunchAtLogin */; };
		DFA03D461BDA431C62C0B3EA /* UpdateStatusWindowController.swift in Sources */ = {isa = PBXBuildFile; fileRef = 43BF1333F568461C3FF2CD75 /* UpdateStatusWindowController.swift */; };
		E01BA93602F40149667956C3 /* RecordedGestureRegressionTests.swift in Sources */ = {isa = PBXBuildFile; fileRef = 14FABE7557D75F04454A18D3 /* RecordedGestureRegressionTests.swift */; };
		E8BB3613ABE70AA08389DEEA /* OnboardingStrokeAnimationView.swift in Sources */ = {isa = PBXBuildFile; fileRef = 9E61EA321196174E22E38064 /* OnboardingStrokeAnimationView.swift */; };
		E9DFC3A9210081869A4F16FD /* ConfigurationRestoreEngine.swift in Sources */ = {isa = PBXBuildFile; fileRef = 68BCC6BB789312E4533A3B77 /* ConfigurationRestoreEngine.swift */; };
		EBDB9210663352EE32C1E7CB /* Constants.swift in Sources */ = {isa = PBXBuildFile; fileRef = 9500B04425951E23385935C9 /* Constants.swift */; };
		EC03135677C5A98ABA78DF9E /* StrokeMouseSparkleUserDriverTests.swift in Sources */ = {isa = PBXBuildFile; fileRef = BD25A226A057CAD42F39F24C /* StrokeMouseSparkleUserDriverTests.swift */; };
		EC7D34046A74A119BD91BFA8 /* GestureRecognitionEvaluator.swift in Sources */ = {isa = PBXBuildFile; fileRef = 47B101ADD963229A5D3E3850 /* GestureRecognitionEvaluator.swift */; };
		EDC6CE2184ACAFB0EC2892FE /* LiveGestureViabilityTests.swift in Sources */ = {isa = PBXBuildFile; fileRef = EABCF9846F2A55A71FB2EA46 /* LiveGestureViabilityTests.swift */; };
		EE5CA71222B820C08651A4A6 /* StrokeMouseSparkleUserDriver.swift in Sources */ = {isa = PBXBuildFile; fileRef = CAFC6883AC3A379A84216BC0 /* StrokeMouseSparkleUserDriver.swift */; };
		EED9D9B852A15E4A733609C2 /* PermissionFlow in Frameworks */ = {isa = PBXBuildFile; productRef = 656B488EA8DCC724598DA1B5 /* PermissionFlow */; };
		EF31D3BCE08169B638F9A3D9 /* MenuBarVisibilityTests.swift in Sources */ = {isa = PBXBuildFile; fileRef = 68B32901C6B13D65143B765E /* MenuBarVisibilityTests.swift */; };
		F11908CF89551B0E88F64302 /* ConfigStoreBackupTests.swift in Sources */ = {isa = PBXBuildFile; fileRef = 9AD5BBAB7701804C86968E56 /* ConfigStoreBackupTests.swift */; };
		F23016400AFE5E142FCEE5BA /* GestureSidebarCatalogTests.swift in Sources */ = {isa = PBXBuildFile; fileRef = 6A9DD8474359F92B06EE74D3 /* GestureSidebarCatalogTests.swift */; };
		F580B5FA9DAE08E7AA9B23C6 /* TrackpadGestureClassifier.swift in Sources */ = {isa = PBXBuildFile; fileRef = E15E8E5195AD4B6C021BA5D9 /* TrackpadGestureClassifier.swift */; };
		F70094A2F3CD92A4EF03B019 /* GestureTestView.swift in Sources */ = {isa = PBXBuildFile; fileRef = 1D8050E5F97418EEFD5A9705 /* GestureTestView.swift */; };
		F7F1DE2FD5B5C9F7690D334F /* ConfigurationSyncModels.swift in Sources */ = {isa = PBXBuildFile; fileRef = 25134511E8B55B7DF1912C90 /* ConfigurationSyncModels.swift */; };
		F902B57607C37D3667C9BCEC /* L10nTests.swift in Sources */ = {isa = PBXBuildFile; fileRef = F15CF81789BF49CEF3BBB408 /* L10nTests.swift */; };
		FB5C12928D32725D70F0B23B /* DefaultGestures.swift in Sources */ = {isa = PBXBuildFile; fileRef = 23D250D67E81EBC89CAFE75D /* DefaultGestures.swift */; };
		FBCFFA99085CB8344F3FBE31 /* BackupMergePlanner.swift in Sources */ = {isa = PBXBuildFile; fileRef = 5EDDA1BDE486EF2C844A9CAF /* BackupMergePlanner.swift */; };
		FBDA4146289AB98BC90DDFC7 /* ConfigStoreTests.swift in Sources */ = {isa = PBXBuildFile; fileRef = 98D9162552C06A30E1C09BE2 /* ConfigStoreTests.swift */; };
		FE4A45BAB6AD2D2A640C4551 /* Sparkle in Frameworks */ = {isa = PBXBuildFile; productRef = 5201D415586DA02B7DCC027D /* Sparkle */; };
/* End PBXBuildFile section */

/* Begin PBXContainerItemProxy section */
		059589530A18FF808E6D8FDC /* PBXContainerItemProxy */ = {
			isa = PBXContainerItemProxy;
			containerPortal = C1D0B973B110FF8E3E9D77F9 /* Project object */;
			proxyType = 1;
			remoteGlobalIDString = C1E0F1EA09733486D09FF6EF;
			remoteInfo = StrokeMouse;
		};
/* End PBXContainerItemProxy section */

/* Begin PBXFileReference section */
		028665E78A611CE3540B0F40 /* WideTurnGestureRegressionTests.swift */ = {isa = PBXFileReference; lastKnownFileType = sourcecode.swift; path = WideTurnGestureRegressionTests.swift; sourceTree = "<group>"; };
		039525A70024F5658EF1DADF /* MultitouchSupportBridge.c */ = {isa = PBXFileReference; lastKnownFileType = sourcecode.c.c; path = MultitouchSupportBridge.c; sourceTree = "<group>"; };
		03CB92F4A8F87C446CB53E21 /* StrokeStructureMatcher.swift */ = {isa = PBXFileReference; lastKnownFileType = sourcecode.swift; path = StrokeStructureMatcher.swift; sourceTree = "<group>"; };
		0416F5DF5B1FA8657A2CB54C /* UpdateInstallEnvironment.swift */ = {isa = PBXFileReference; lastKnownFileType = sourcecode.swift; path = UpdateInstallEnvironment.swift; sourceTree = "<group>"; };
		067EB66E5A0730B45DD3CDC9 /* ModifierEventTap.swift */ = {isa = PBXFileReference; lastKnownFileType = sourcecode.swift; path = ModifierEventTap.swift; sourceTree = "<group>"; };
		0BE55977BE8B6B5236826A1C /* SyncSettingsView.swift */ = {isa = PBXFileReference; lastKnownFileType = sourcecode.swift; path = SyncSettingsView.swift; sourceTree = "<group>"; };
		0E984684C8AA6EE77170D9FF /* ConfigModels.swift */ = {isa = PBXFileReference; lastKnownFileType = sourcecode.swift; path = ConfigModels.swift; sourceTree = "<group>"; };
		10D675512596F08CE5CE4B45 /* GestureTargetScreenGeometryTests.swift */ = {isa = PBXFileReference; lastKnownFileType = sourcecode.swift; path = GestureTargetScreenGeometryTests.swift; sourceTree = "<group>"; };
		13949AD7FB3A58C54F920653 /* TemplateMatcherRobustnessTests.swift */ = {isa = PBXFileReference; lastKnownFileType = sourcecode.swift; path = TemplateMatcherRobustnessTests.swift; sourceTree = "<group>"; };
		147B4215AD8AB06B41161F4A /* Assets.xcassets */ = {isa = PBXFileReference; lastKnownFileType = folder.assetcatalog; path = Assets.xcassets; sourceTree = "<group>"; };
		14FABE7557D75F04454A18D3 /* RecordedGestureRegressionTests.swift */ = {isa = PBXFileReference; lastKnownFileType = sourcecode.swift; path = RecordedGestureRegressionTests.swift; sourceTree = "<group>"; };
		1775A9C2F88E77D337F0C1A7 /* PermissionManager.swift */ = {isa = PBXFileReference; lastKnownFileType = sourcecode.swift; path = PermissionManager.swift; sourceTree = "<group>"; };
		177EB7550818212C169888EC /* BackupRemoteAdapter.swift */ = {isa = PBXFileReference; lastKnownFileType = sourcecode.swift; path = BackupRemoteAdapter.swift; sourceTree = "<group>"; };
		1C788D1B156AB40831445309 /* OnboardingPermissionStep.swift */ = {isa = PBXFileReference; lastKnownFileType = sourcecode.swift; path = OnboardingPermissionStep.swift; sourceTree = "<group>"; };
		1CBD687F412774AB57EF266A /* GestureSessionGateTests.swift */ = {isa = PBXFileReference; lastKnownFileType = sourcecode.swift; path = GestureSessionGateTests.swift; sourceTree = "<group>"; };
		1D1B469595C655F3BB2885F2 /* L10n.swift */ = {isa = PBXFileReference; lastKnownFileType = sourcecode.swift; path = L10n.swift; sourceTree = "<group>"; };
		1D8050E5F97418EEFD5A9705 /* GestureTestView.swift */ = {isa = PBXFileReference; lastKnownFileType = sourcecode.swift; path = GestureTestView.swift; sourceTree = "<group>"; };
		1F1B82D02E2D19DF94C93350 /* GestureRuntimeModels.swift */ = {isa = PBXFileReference; lastKnownFileType = sourcecode.swift; path = GestureRuntimeModels.swift; sourceTree = "<group>"; };
		1F95096A51EEB34D4E90128F /* PortableSettingsTests.swift */ = {isa = PBXFileReference; lastKnownFileType = sourcecode.swift; path = PortableSettingsTests.swift; sourceTree = "<group>"; };
		20716A72CE50AAAF14BE0080 /* MouseEventTapTests.swift */ = {isa = PBXFileReference; lastKnownFileType = sourcecode.swift; path = MouseEventTapTests.swift; sourceTree = "<group>"; };
		20B18ED6AE19AA44F9CBB4DD /* StrokeMouse.app */ = {isa = PBXFileReference; explicitFileType = wrapper.application; includeInIndex = 0; path = StrokeMouse.app; sourceTree = BUILT_PRODUCTS_DIR; };
		21764BB34088AEF80C46202F /* MultitouchSupportBridge.h */ = {isa = PBXFileReference; lastKnownFileType = sourcecode.c.h; path = MultitouchSupportBridge.h; sourceTree = "<group>"; };
		22BDFE2AA7E93AFADC6260E8 /* StrokeSegmentReducer.swift */ = {isa = PBXFileReference; lastKnownFileType = sourcecode.swift; path = StrokeSegmentReducer.swift; sourceTree = "<group>"; };
		23D250D67E81EBC89CAFE75D /* DefaultGestures.swift */ = {isa = PBXFileReference; lastKnownFileType = sourcecode.swift; path = DefaultGestures.swift; sourceTree = "<group>"; };
		25134511E8B55B7DF1912C90 /* ConfigurationSyncModels.swift */ = {isa = PBXFileReference; lastKnownFileType = sourcecode.swift; path = ConfigurationSyncModels.swift; sourceTree = "<group>"; };
		2997615DB065E884F3C9FC6E /* MediaActions.swift */ = {isa = PBXFileReference; lastKnownFileType = sourcecode.swift; path = MediaActions.swift; sourceTree = "<group>"; };
		2A35DC04E6F7120A91CB8625 /* ConfigurationSyncTests.swift */ = {isa = PBXFileReference; lastKnownFileType = sourcecode.swift; path = ConfigurationSyncTests.swift; sourceTree = "<group>"; };
		2EB15E814ADB4C587A458F7A /* TemplateMatcherTests.swift */ = {isa = PBXFileReference; lastKnownFileType = sourcecode.swift; path = TemplateMatcherTests.swift; sourceTree = "<group>"; };
		2F9A2C01E06BB9DBFEC1F549 /* GestureInputEditorView.swift */ = {isa = PBXFileReference; lastKnownFileType = sourcecode.swift; path = GestureInputEditorView.swift; sourceTree = "<group>"; };
		30BE8EFED858C370814810DF /* AppState.swift */ = {isa = PBXFileReference; lastKnownFileType = sourcecode.swift; path = AppState.swift; sourceTree = "<group>"; };
		32664140059A4330B3CFED9E /* TemplateMatcher.swift */ = {isa = PBXFileReference; lastKnownFileType = sourcecode.swift; path = TemplateMatcher.swift; sourceTree = "<group>"; };
		32908A96E6C69947C2B8BF1F /* PathTemplates.swift */ = {isa = PBXFileReference; lastKnownFileType = sourcecode.swift; path = PathTemplates.swift; sourceTree = "<group>"; };
		33561D1F5A6EBFDCA214257B /* DirectTrackpadGestureMatcherTests.swift */ = {isa = PBXFileReference; lastKnownFileType = sourcecode.swift; path = DirectTrackpadGestureMatcherTests.swift; sourceTree = "<group>"; };
		336195192821619700D648E6 /* AppleScriptPresetTests.swift */ = {isa = PBXFileReference; lastKnownFileType = sourcecode.swift; path = AppleScriptPresetTests.swift; sourceTree = "<group>"; };
		381EAC7C6CA1B8A8E3D3F833 /* TrackpadTouchModels.swift */ = {isa = PBXFileReference; lastKnownFileType = sourcecode.swift; path = TrackpadTouchModels.swift; sourceTree = "<group>"; };
		38AF912BB42787B967675B7F /* GestureInputCatalog.swift */ = {isa = PBXFileReference; lastKnownFileType = sourcecode.swift; path = GestureInputCatalog.swift; sourceTree = "<group>"; };
		3AD548EE50042DF725316A2E /* DirectionQuantizer.swift */ = {isa = PBXFileReference; lastKnownFileType = sourcecode.swift; path = DirectionQuantizer.swift; sourceTree = "<group>"; };
		3CBD29CCBDF8CF4D7E74B146 /* BrandIconProviderTests.swift */ = {isa = PBXFileReference; lastKnownFileType = sourcecode.swift; path = BrandIconProviderTests.swift; sourceTree = "<group>"; };
		3EFEF2226F3465CF928289C0 /* GestureHUDController.swift */ = {isa = PBXFileReference; lastKnownFileType = sourcecode.swift; path = GestureHUDController.swift; sourceTree = "<group>"; };
		3F9B2AA436B8CCF6AA8B824D /* GesturePreviewGeometryTests.swift */ = {isa = PBXFileReference; lastKnownFileType = sourcecode.swift; path = GesturePreviewGeometryTests.swift; sourceTree = "<group>"; };
		3FF4AA635FE05F833F309BF1 /* TrackpadTapSequenceResolver.swift */ = {isa = PBXFileReference; lastKnownFileType = sourcecode.swift; path = TrackpadTapSequenceResolver.swift; sourceTree = "<group>"; };
		4004C004651EDE31AE065864 /* TrackpadTapSequenceResolverTests.swift */ = {isa = PBXFileReference; lastKnownFileType = sourcecode.swift; path = TrackpadTapSequenceResolverTests.swift; sourceTree = "<group>"; };
		42979BFAA5B73F8ECAA3E66C /* ModifierEventTapTests.swift */ = {isa = PBXFileReference; lastKnownFileType = sourcecode.swift; path = ModifierEventTapTests.swift; sourceTree = "<group>"; };
		43BF1333F568461C3FF2CD75 /* UpdateStatusWindowController.swift */ = {isa = PBXFileReference; lastKnownFileType = sourcecode.swift; path = UpdateStatusWindowController.swift; sourceTree = "<group>"; };
		47B101ADD963229A5D3E3850 /* GestureRecognitionEvaluator.swift */ = {isa = PBXFileReference; lastKnownFileType = sourcecode.swift; path = GestureRecognitionEvaluator.swift; sourceTree = "<group>"; };
		4826523C9F27887D54038C3F /* GestureTestLogStoreTests.swift */ = {isa = PBXFileReference; lastKnownFileType = sourcecode.swift; path = GestureTestLogStoreTests.swift; sourceTree = "<group>"; };
		49154A7D7A13DAC7BB56C19E /* UpdateInstallEnvironmentTests.swift */ = {isa = PBXFileReference; lastKnownFileType = sourcecode.swift; path = UpdateInstallEnvironmentTests.swift; sourceTree = "<group>"; };
		49DAC66DC39F7BA1A4A25F47 /* SettingsWindowController.swift */ = {isa = PBXFileReference; lastKnownFileType = sourcecode.swift; path = SettingsWindowController.swift; sourceTree = "<group>"; };
		4B6A6CB92C90661525BDA6D5 /* MultitouchSupportAdapter.swift */ = {isa = PBXFileReference; lastKnownFileType = sourcecode.swift; path = MultitouchSupportAdapter.swift; sourceTree = "<group>"; };
		4BA8FAE67C204CC720FCDDC3 /* AppInfoLookup.swift */ = {isa = PBXFileReference; lastKnownFileType = sourcecode.swift; path = AppInfoLookup.swift; sourceTree = "<group>"; };
		4C9C3C1F6C1ECD7F93858EA5 /* DrawingStyleTests.swift */ = {isa = PBXFileReference; lastKnownFileType = sourcecode.swift; path = DrawingStyleTests.swift; sourceTree = "<group>"; };
		529A15D1DC718AD44CEB4E80 /* ConfigStore.swift */ = {isa = PBXFileReference; lastKnownFileType = sourcecode.swift; path = ConfigStore.swift; sourceTree = "<group>"; };
		54AFAC82E770FEAB174F83A2 /* OnboardingView.swift */ = {isa = PBXFileReference; lastKnownFileType = sourcecode.swift; path = OnboardingView.swift; sourceTree = "<group>"; };
		54CA52355745A5A6D9B973A2 /* GestureRecognitionEvaluationTests.swift */ = {isa = PBXFileReference; lastKnownFileType = sourcecode.swift; path = GestureRecognitionEvaluationTests.swift; sourceTree = "<group>"; };
		575A18BB39F81856114E6356 /* GestureTargetAXAccessor.swift */ = {isa = PBXFileReference; lastKnownFileType = sourcecode.swift; path = GestureTargetAXAccessor.swift; sourceTree = "<group>"; };
		57F3BBBB6E0585911BD547E7 /* GesturesSettingsView.swift */ = {isa = PBXFileReference; lastKnownFileType = sourcecode.swift; path = GesturesSettingsView.swift; sourceTree = "<group>"; };
		58348CA9E86A4DFA440FAF89 /* GestureTargeting.swift */ = {isa = PBXFileReference; lastKnownFileType = sourcecode.swift; path = GestureTargeting.swift; sourceTree = "<group>"; };
		5BE0418F825435B9117E49E9 /* ActionPickerView.swift */ = {isa = PBXFileReference; lastKnownFileType = sourcecode.swift; path = ActionPickerView.swift; sourceTree = "<group>"; };
		5CE429C7D6F08B9879B8BD12 /* ShortcutActionTests.swift */ = {isa = PBXFileReference; lastKnownFileType = sourcecode.swift; path = ShortcutActionTests.swift; sourceTree = "<group>"; };
		5D5F5E5A6350820990E34130 /* KeyCodeNames.swift */ = {isa = PBXFileReference; lastKnownFileType = sourcecode.swift; path = KeyCodeNames.swift; sourceTree = "<group>"; };
		5D875011E0516328DF699E78 /* WindowActions.swift */ = {isa = PBXFileReference; lastKnownFileType = sourcecode.swift; path = WindowActions.swift; sourceTree = "<group>"; };
		5ED223F66901603FAB98F3B1 /* AppDelegate.swift */ = {isa = PBXFileReference; lastKnownFileType = sourcecode.swift; path = AppDelegate.swift; sourceTree = "<group>"; };
		5EDDA1BDE486EF2C844A9CAF /* BackupMergePlanner.swift */ = {isa = PBXFileReference; lastKnownFileType = sourcecode.swift; path = BackupMergePlanner.swift; sourceTree = "<group>"; };
		5EE47074C0E261E1F10A2170 /* MacGestureTargetSystemClient.swift */ = {isa = PBXFileReference; lastKnownFileType = sourcecode.swift; path = MacGestureTargetSystemClient.swift; sourceTree = "<group>"; };
		602385BB4F214193DE32572E /* GesturePreviewGeometry.swift */ = {isa = PBXFileReference; lastKnownFileType = sourcecode.swift; path = GesturePreviewGeometry.swift; sourceTree = "<group>"; };
		64B56AF8C2C5E7BC4C3E908D /* UpdaterService.swift */ = {isa = PBXFileReference; lastKnownFileType = sourcecode.swift; path = UpdaterService.swift; sourceTree = "<group>"; };
		6560067B76623B27EB0D659D /* BackupCodecTests.swift */ = {isa = PBXFileReference; lastKnownFileType = sourcecode.swift; path = BackupCodecTests.swift; sourceTree = "<group>"; };
		68B32901C6B13D65143B765E /* MenuBarVisibilityTests.swift */ = {isa = PBXFileReference; lastKnownFileType = sourcecode.swift; path = MenuBarVisibilityTests.swift; sourceTree = "<group>"; };
		68BCC6BB789312E4533A3B77 /* ConfigurationRestoreEngine.swift */ = {isa = PBXFileReference; lastKnownFileType = sourcecode.swift; path = ConfigurationRestoreEngine.swift; sourceTree = "<group>"; };
		6A395F4465B0B1983C2DADDB /* UnistrokeGeometry.swift */ = {isa = PBXFileReference; lastKnownFileType = sourcecode.swift; path = UnistrokeGeometry.swift; sourceTree = "<group>"; };
		6A9DD8474359F92B06EE74D3 /* GestureSidebarCatalogTests.swift */ = {isa = PBXFileReference; lastKnownFileType = sourcecode.swift; path = GestureSidebarCatalogTests.swift; sourceTree = "<group>"; };
		6B129D1D7D12193759616495 /* ScriptSyntaxHighlighterTests.swift */ = {isa = PBXFileReference; lastKnownFileType = sourcecode.swift; path = ScriptSyntaxHighlighterTests.swift; sourceTree = "<group>"; };
		6C02329CC00072591D2164DF /* MacGestureTargetCapturerTests.swift */ = {isa = PBXFileReference; lastKnownFileType = sourcecode.swift; path = MacGestureTargetCapturerTests.swift; sourceTree = "<group>"; };
		6C6DD3645A4D5B33AF8C3B83 /* DrawingStyle.swift */ = {isa = PBXFileReference; lastKnownFileType = sourcecode.swift; path = DrawingStyle.swift; sourceTree = "<group>"; };
		6D98C4518A7B068EAB4F3900 /* MenuBarView.swift */ = {isa = PBXFileReference; lastKnownFileType = sourcecode.swift; path = MenuBarView.swift; sourceTree = "<group>"; };
		6DFE7ABED11FF3DE10C7A885 /* GestureMatchAcceptanceTests.swift */ = {isa = PBXFileReference; lastKnownFileType = sourcecode.swift; path = GestureMatchAcceptanceTests.swift; sourceTree = "<group>"; };
		6EA0C7EB78CC73A148D98A56 /* RoundedTurnGestureRegressionTests.swift */ = {isa = PBXFileReference; lastKnownFileType = sourcecode.swift; path = RoundedTurnGestureRegressionTests.swift; sourceTree = "<group>"; };
		6F31C8BDB8D6D17BAF30FEDF /* OnboardingDoneStep.swift */ = {isa = PBXFileReference; lastKnownFileType = sourcecode.swift; path = OnboardingDoneStep.swift; sourceTree = "<group>"; };
		6F61904CB5320A9A03A3857F /* ConfigurationSyncPersistence.swift */ = {isa = PBXFileReference; lastKnownFileType = sourcecode.swift; path = ConfigurationSyncPersistence.swift; sourceTree = "<group>"; };
		7290E58DD73EC17FE8EFD280 /* MacGestureTargetCaptureSystemClient.swift */ = {isa = PBXFileReference; lastKnownFileType = sourcecode.swift; path = MacGestureTargetCaptureSystemClient.swift; sourceTree = "<group>"; };
		7338842227D84CFBD5B0DA9F /* MacGestureTargetCapturer.swift */ = {isa = PBXFileReference; lastKnownFileType = sourcecode.swift; path = MacGestureTargetCapturer.swift; sourceTree = "<group>"; };
		77A41F19A38C5C79C34D5688 /* PortableSettings.swift */ = {isa = PBXFileReference; lastKnownFileType = sourcecode.swift; path = PortableSettings.swift; sourceTree = "<group>"; };
		7A9936C0BB33B4D8EC8AB38B /* StrokeMouse.entitlements */ = {isa = PBXFileReference; lastKnownFileType = text.plist.entitlements; path = StrokeMouse.entitlements; sourceTree = "<group>"; };
		7C656874384F388B3007071C /* OnboardingWelcomeStep.swift */ = {isa = PBXFileReference; lastKnownFileType = sourcecode.swift; path = OnboardingWelcomeStep.swift; sourceTree = "<group>"; };
		7CA6D366778AFF733AE72056 /* StrokeStructureExtractor.swift */ = {isa = PBXFileReference; lastKnownFileType = sourcecode.swift; path = StrokeStructureExtractor.swift; sourceTree = "<group>"; };
		7D1F6EC2AF6B064C91349D1B /* RecordedWideTurnGestureFixture.json */ = {isa = PBXFileReference; lastKnownFileType = text.json; path = RecordedWideTurnGestureFixture.json; sourceTree = "<group>"; };
		7F5951717E74675B15ED756B /* PortableSettingsMerge.swift */ = {isa = PBXFileReference; lastKnownFileType = sourcecode.swift; path = PortableSettingsMerge.swift; sourceTree = "<group>"; };
		822A88F82CA58D4ED1CE45FF /* InstalledAppPickerSheet.swift */ = {isa = PBXFileReference; lastKnownFileType = sourcecode.swift; path = InstalledAppPickerSheet.swift; sourceTree = "<group>"; };
		82CD6D1DEDFB800C5A0C8A63 /* MultitouchSupportPrivateABI.h */ = {isa = PBXFileReference; lastKnownFileType = sourcecode.c.h; path = MultitouchSupportPrivateABI.h; sourceTree = "<group>"; };
		84952723214A84B48A39B49C /* MouseEventTap.swift */ = {isa = PBXFileReference; lastKnownFileType = sourcecode.swift; path = MouseEventTap.swift; sourceTree = "<group>"; };
		857224F415772C5D50C8A67F /* WindowActionsTests.swift */ = {isa = PBXFileReference; lastKnownFileType = sourcecode.swift; path = WindowActionsTests.swift; sourceTree = "<group>"; };
		8BF18EBFBDB8449C757BABFB /* ShortcutRecordingStateTests.swift */ = {isa = PBXFileReference; lastKnownFileType = sourcecode.swift; path = ShortcutRecordingStateTests.swift; sourceTree = "<group>"; };
		91945376E1575B55EC3AD3A4 /* PathSimplifier.swift */ = {isa = PBXFileReference; lastKnownFileType = sourcecode.swift; path = PathSimplifier.swift; sourceTree = "<group>"; };
		93816688BF534D30F605C04B /* ActionExecutorTests.swift */ = {isa = PBXFileReference; lastKnownFileType = sourcecode.swift; path = ActionExecutorTests.swift; sourceTree = "<group>"; };
		938BFD171C47D40366CCBB4E /* GestureSessionGate.swift */ = {isa = PBXFileReference; lastKnownFileType = sourcecode.swift; path = GestureSessionGate.swift; sourceTree = "<group>"; };
		94567B50F3B6EF622C4C9BB6 /* ConfigurationSync.swift */ = {isa = PBXFileReference; lastKnownFileType = sourcecode.swift; path = ConfigurationSync.swift; sourceTree = "<group>"; };
		94753CFBD2B86AEC2877E1F1 /* Localizable.xcstrings */ = {isa = PBXFileReference; lastKnownFileType = text.json.xcstrings; path = Localizable.xcstrings; sourceTree = "<group>"; };
		9500B04425951E23385935C9 /* Constants.swift */ = {isa = PBXFileReference; lastKnownFileType = sourcecode.swift; path = Constants.swift; sourceTree = "<group>"; };
		9516A610B12F2564617DFB02 /* OnboardingGestureDemoStep.swift */ = {isa = PBXFileReference; lastKnownFileType = sourcecode.swift; path = OnboardingGestureDemoStep.swift; sourceTree = "<group>"; };
		976B5067438C4C8D0CCEE8EB /* ShortcutRecorderTap.swift */ = {isa = PBXFileReference; lastKnownFileType = sourcecode.swift; path = ShortcutRecorderTap.swift; sourceTree = "<group>"; };
		97B85EADE91EAB577578540E /* BackupCrypto.swift */ = {isa = PBXFileReference; lastKnownFileType = sourcecode.swift; path = BackupCrypto.swift; sourceTree = "<group>"; };
		97BC16B386D25960A1259D3B /* GitHubGistBackupAdapter.swift */ = {isa = PBXFileReference; lastKnownFileType = sourcecode.swift; path = GitHubGistBackupAdapter.swift; sourceTree = "<group>"; };
		98D9162552C06A30E1C09BE2 /* ConfigStoreTests.swift */ = {isa = PBXFileReference; lastKnownFileType = sourcecode.swift; path = ConfigStoreTests.swift; sourceTree = "<group>"; };
		991FFA5ABA6C89FF866E3750 /* ScriptActions.swift */ = {isa = PBXFileReference; lastKnownFileType = sourcecode.swift; path = ScriptActions.swift; sourceTree = "<group>"; };
		9AD5BBAB7701804C86968E56 /* ConfigStoreBackupTests.swift */ = {isa = PBXFileReference; lastKnownFileType = sourcecode.swift; path = ConfigStoreBackupTests.swift; sourceTree = "<group>"; };
		9E61EA321196174E22E38064 /* OnboardingStrokeAnimationView.swift */ = {isa = PBXFileReference; lastKnownFileType = sourcecode.swift; path = OnboardingStrokeAnimationView.swift; sourceTree = "<group>"; };
		A5321F89AFC319DE8B26D634 /* GestureRuntimeTests.swift */ = {isa = PBXFileReference; lastKnownFileType = sourcecode.swift; path = GestureRuntimeTests.swift; sourceTree = "<group>"; };
		A68E402F136909412329BE80 /* ShortcutChordTests.swift */ = {isa = PBXFileReference; lastKnownFileType = sourcecode.swift; path = ShortcutChordTests.swift; sourceTree = "<group>"; };
		B1433691AAC42589F503744F /* RecordedRoundedTurnGestureFixture.json */ = {isa = PBXFileReference; lastKnownFileType = text.json; path = RecordedRoundedTurnGestureFixture.json; sourceTree = "<group>"; };
		B7400A8A33B517DE0253EF12 /* GestureTargetScreenGeometry.swift */ = {isa = PBXFileReference; lastKnownFileType = sourcecode.swift; path = GestureTargetScreenGeometry.swift; sourceTree = "<group>"; };
		BD25A226A057CAD42F39F24C /* StrokeMouseSparkleUserDriverTests.swift */ = {isa = PBXFileReference; lastKnownFileType = sourcecode.swift; path = StrokeMouseSparkleUserDriverTests.swift; sourceTree = "<group>"; };
		C46207ECA1DFC7078D2A6581 /* GestureRuntime.swift */ = {isa = PBXFileReference; lastKnownFileType = sourcecode.swift; path = GestureRuntime.swift; sourceTree = "<group>"; };
		C5C8E981A8BD544C4280EBF2 /* ActionExecutor.swift */ = {isa = PBXFileReference; lastKnownFileType = sourcecode.swift; path = ActionExecutor.swift; sourceTree = "<group>"; };
		C5D2CE5C0DBA0FAF5EFACD93 /* ThinScroller.swift */ = {isa = PBXFileReference; lastKnownFileType = sourcecode.swift; path = ThinScroller.swift; sourceTree = "<group>"; };
		C66EF571A7AE4CA0986B0816 /* StrokeMouseApp.swift */ = {isa = PBXFileReference; lastKnownFileType = sourcecode.swift; path = StrokeMouseApp.swift; sourceTree = "<group>"; };
		C8418C26B221EF3DCC716BB6 /* AboutSettingsView.swift */ = {isa = PBXFileReference; lastKnownFileType = sourcecode.swift; path = AboutSettingsView.swift; sourceTree = "<group>"; };
		CAFC6883AC3A379A84216BC0 /* StrokeMouseSparkleUserDriver.swift */ = {isa = PBXFileReference; lastKnownFileType = sourcecode.swift; path = StrokeMouseSparkleUserDriver.swift; sourceTree = "<group>"; };
		CD02CD72E02F65984F97CB58 /* GestureTestLogStore.swift */ = {isa = PBXFileReference; lastKnownFileType = sourcecode.swift; path = GestureTestLogStore.swift; sourceTree = "<group>"; };
		CEE4923AC770F5F00382D55B /* BackupModels.swift */ = {isa = PBXFileReference; lastKnownFileType = sourcecode.swift; path = BackupModels.swift; sourceTree = "<group>"; };
		D08481101B5F0EA79484A82E /* DirectTrackpadGestureMatcher.swift */ = {isa = PBXFileReference; lastKnownFileType = sourcecode.swift; path = DirectTrackpadGestureMatcher.swift; sourceTree = "<group>"; };
		D0EBB0D593433E146D9CACFB /* LiveGestureViability.swift */ = {isa = PBXFileReference; lastKnownFileType = sourcecode.swift; path = LiveGestureViability.swift; sourceTree = "<group>"; };
		D19421880A471A2AFFF0DBED /* Info.plist */ = {isa = PBXFileReference; lastKnownFileType = text.plist; path = Info.plist; sourceTree = "<group>"; };
		D2BB52C6E5D7B37651B0CB62 /* GestureTargetSessionTests.swift */ = {isa = PBXFileReference; lastKnownFileType = sourcecode.swift; path = GestureTargetSessionTests.swift; sourceTree = "<group>"; };
		D43EA01F5571563CE898BC4A /* BackupRemoteAdapterTests.swift */ = {isa = PBXFileReference; lastKnownFileType = sourcecode.swift; path = BackupRemoteAdapterTests.swift; sourceTree = "<group>"; };
		D477FDD0F83420A0E10E7437 /* StrokeMouseTests.xctest */ = {isa = PBXFileReference; explicitFileType = wrapper.cfbundle; includeInIndex = 0; path = StrokeMouseTests.xctest; sourceTree = BUILT_PRODUCTS_DIR; };
		D79557E37E9938D8280DEF14 /* GestureRecorderView.swift */ = {isa = PBXFileReference; lastKnownFileType = sourcecode.swift; path = GestureRecorderView.swift; sourceTree = "<group>"; };
		DD4D523700FF6CC1AD9FC324 /* ShortcutConfigCompatibilityTests.swift */ = {isa = PBXFileReference; lastKnownFileType = sourcecode.swift; path = ShortcutConfigCompatibilityTests.swift; sourceTree = "<group>"; };
		E15E8E5195AD4B6C021BA5D9 /* TrackpadGestureClassifier.swift */ = {isa = PBXFileReference; lastKnownFileType = sourcecode.swift; path = TrackpadGestureClassifier.swift; sourceTree = "<group>"; };
		E274C0BB3CD32706BC07696A /* GestureEditorView.swift */ = {isa = PBXFileReference; lastKnownFileType = sourcecode.swift; path = GestureEditorView.swift; sourceTree = "<group>"; };
		E79923BB946697A53725B3AE /* ScriptTextArea.swift */ = {isa = PBXFileReference; lastKnownFileType = sourcecode.swift; path = ScriptTextArea.swift; sourceTree = "<group>"; };
		E7D00A1B0CD2EDA8D001D417 /* RecordedPeakGestureFixture.json */ = {isa = PBXFileReference; lastKnownFileType = text.json; path = RecordedPeakGestureFixture.json; sourceTree = "<group>"; };
		EA4A4174386E01996C2659FC /* BackupMergePlannerTests.swift */ = {isa = PBXFileReference; lastKnownFileType = sourcecode.swift; path = BackupMergePlannerTests.swift; sourceTree = "<group>"; };
		EABCF9846F2A55A71FB2EA46 /* LiveGestureViabilityTests.swift */ = {isa = PBXFileReference; lastKnownFileType = sourcecode.swift; path = LiveGestureViabilityTests.swift; sourceTree = "<group>"; };
		EB9D52E0619148579DAE5E89 /* THIRD_PARTY_NOTICES.txt */ = {isa = PBXFileReference; lastKnownFileType = text; path = THIRD_PARTY_NOTICES.txt; sourceTree = "<group>"; };
		EC8150B920A4A65C4D952582 /* TrackpadGestureClassifierTests.swift */ = {isa = PBXFileReference; lastKnownFileType = sourcecode.swift; path = TrackpadGestureClassifierTests.swift; sourceTree = "<group>"; };
		ED0EFAFC9FCCFA90E3875CE0 /* AppScopeEditorView.swift */ = {isa = PBXFileReference; lastKnownFileType = sourcecode.swift; path = AppScopeEditorView.swift; sourceTree = "<group>"; };
		EE591A553B1A68F053129464 /* PermissionFlow */ = {isa = PBXFileReference; lastKnownFileType = folder; name = PermissionFlow; path = Vendor/PermissionFlow; sourceTree = SOURCE_ROOT; };
		F15CF81789BF49CEF3BBB408 /* L10nTests.swift */ = {isa = PBXFileReference; lastKnownFileType = sourcecode.swift; path = L10nTests.swift; sourceTree = "<group>"; };
		F2ED089878497180E5171D33 /* PathSimplifierTests.swift */ = {isa = PBXFileReference; lastKnownFileType = sourcecode.swift; path = PathSimplifierTests.swift; sourceTree = "<group>"; };
		F36DF0DA04B3B5564C71B573 /* CredentialVault.swift */ = {isa = PBXFileReference; lastKnownFileType = sourcecode.swift; path = CredentialVault.swift; sourceTree = "<group>"; };
		F4FE09D3666B7985788686EB /* MultitouchSupportAdapterTests.swift */ = {isa = PBXFileReference; lastKnownFileType = sourcecode.swift; path = MultitouchSupportAdapterTests.swift; sourceTree = "<group>"; };
		F5BF1D107974DDF46B0DCC31 /* SettingsRootView.swift */ = {isa = PBXFileReference; lastKnownFileType = sourcecode.swift; path = SettingsRootView.swift; sourceTree = "<group>"; };
		F61007FCE8C8E0DAB1B56887 /* WebDAVBackupAdapter.swift */ = {isa = PBXFileReference; lastKnownFileType = sourcecode.swift; path = WebDAVBackupAdapter.swift; sourceTree = "<group>"; };
		F650D208EF74E02DBE3D6370 /* PermissionsSettingsView.swift */ = {isa = PBXFileReference; lastKnownFileType = sourcecode.swift; path = PermissionsSettingsView.swift; sourceTree = "<group>"; };
		F70FB66BC8ACE0CE6A7E15BD /* GestureToastController.swift */ = {isa = PBXFileReference; lastKnownFileType = sourcecode.swift; path = GestureToastController.swift; sourceTree = "<group>"; };
		F9C6FCA0A4196CE5CF54B1FE /* GeneralSettingsView.swift */ = {isa = PBXFileReference; lastKnownFileType = sourcecode.swift; path = GeneralSettingsView.swift; sourceTree = "<group>"; };
		FBF9E7C38DE9F736CE2A4865 /* GestureSidebarCatalog.swift */ = {isa = PBXFileReference; lastKnownFileType = sourcecode.swift; path = GestureSidebarCatalog.swift; sourceTree = "<group>"; };
		FED9091D8ED32A1C4482A7B9 /* ShortcutAction.swift */ = {isa = PBXFileReference; lastKnownFileType = sourcecode.swift; path = ShortcutAction.swift; sourceTree = "<group>"; };
		FF73E5022A41E8DECDE05684 /* GestureRecognitionTestSupport.swift */ = {isa = PBXFileReference; lastKnownFileType = sourcecode.swift; path = GestureRecognitionTestSupport.swift; sourceTree = "<group>"; };
/* End PBXFileReference section */

/* Begin PBXFrameworksBuildPhase section */
		B67DC0E07B3D0E19A073068E /* Frameworks */ = {
			isa = PBXFrameworksBuildPhase;
			buildActionMask = 2147483647;
			files = (
				DE7A59AA3616B16DEA93E492 /* LaunchAtLogin in Frameworks */,
				FE4A45BAB6AD2D2A640C4551 /* Sparkle in Frameworks */,
				EED9D9B852A15E4A733609C2 /* PermissionFlow in Frameworks */,
			);
			runOnlyForDeploymentPostprocessing = 0;
		};
/* End PBXFrameworksBuildPhase section */

/* Begin PBXGroup section */
		0BA2BD490A5812BBD1FD4629 /* GestureRecognition */ = {
			isa = PBXGroup;
			children = (
				3AD548EE50042DF725316A2E /* DirectionQuantizer.swift */,
				D08481101B5F0EA79484A82E /* DirectTrackpadGestureMatcher.swift */,
				6C6DD3645A4D5B33AF8C3B83 /* DrawingStyle.swift */,
				3EFEF2226F3465CF928289C0 /* GestureHUDController.swift */,
				47B101ADD963229A5D3E3850 /* GestureRecognitionEvaluator.swift */,
				C46207ECA1DFC7078D2A6581 /* GestureRuntime.swift */,
				1F1B82D02E2D19DF94C93350 /* GestureRuntimeModels.swift */,
				938BFD171C47D40366CCBB4E /* GestureSessionGate.swift */,
				575A18BB39F81856114E6356 /* GestureTargetAXAccessor.swift */,
				58348CA9E86A4DFA440FAF89 /* GestureTargeting.swift */,
				CD02CD72E02F65984F97CB58 /* GestureTestLogStore.swift */,
				F70FB66BC8ACE0CE6A7E15BD /* GestureToastController.swift */,
				D0EBB0D593433E146D9CACFB /* LiveGestureViability.swift */,
				7338842227D84CFBD5B0DA9F /* MacGestureTargetCapturer.swift */,
				7290E58DD73EC17FE8EFD280 /* MacGestureTargetCaptureSystemClient.swift */,
				91945376E1575B55EC3AD3A4 /* PathSimplifier.swift */,
				32908A96E6C69947C2B8BF1F /* PathTemplates.swift */,
				22BDFE2AA7E93AFADC6260E8 /* StrokeSegmentReducer.swift */,
				7CA6D366778AFF733AE72056 /* StrokeStructureExtractor.swift */,
				03CB92F4A8F87C446CB53E21 /* StrokeStructureMatcher.swift */,
				32664140059A4330B3CFED9E /* TemplateMatcher.swift */,
				E15E8E5195AD4B6C021BA5D9 /* TrackpadGestureClassifier.swift */,
				3FF4AA635FE05F833F309BF1 /* TrackpadTapSequenceResolver.swift */,
				381EAC7C6CA1B8A8E3D3F833 /* TrackpadTouchModels.swift */,
				6A395F4465B0B1983C2DADDB /* UnistrokeGeometry.swift */,
			);
			path = GestureRecognition;
			sourceTree = "<group>";
		};
		0F7653538CD144B861353730 /* App */ = {
			isa = PBXGroup;
			children = (
				5ED223F66901603FAB98F3B1 /* AppDelegate.swift */,
				30BE8EFED858C370814810DF /* AppState.swift */,
				C66EF571A7AE4CA0986B0816 /* StrokeMouseApp.swift */,
			);
			path = App;
			sourceTree = "<group>";
		};
		18FABE808BD3B6372F2311B2 /* Actions */ = {
			isa = PBXGroup;
			children = (
				C5C8E981A8BD544C4280EBF2 /* ActionExecutor.swift */,
				B7400A8A33B517DE0253EF12 /* GestureTargetScreenGeometry.swift */,
				5D5F5E5A6350820990E34130 /* KeyCodeNames.swift */,
				5EE47074C0E261E1F10A2170 /* MacGestureTargetSystemClient.swift */,
				2997615DB065E884F3C9FC6E /* MediaActions.swift */,
				991FFA5ABA6C89FF866E3750 /* ScriptActions.swift */,
				FED9091D8ED32A1C4482A7B9 /* ShortcutAction.swift */,
				976B5067438C4C8D0CCEE8EB /* ShortcutRecorderTap.swift */,
				5D875011E0516328DF699E78 /* WindowActions.swift */,
			);
			path = Actions;
			sourceTree = "<group>";
		};
		1EFB4857B841467CC0E05457 /* Supporting */ = {
			isa = PBXGroup;
			children = (
				9500B04425951E23385935C9 /* Constants.swift */,
				1D1B469595C655F3BB2885F2 /* L10n.swift */,
				7A9936C0BB33B4D8EC8AB38B /* StrokeMouse.entitlements */,
				C5D2CE5C0DBA0FAF5EFACD93 /* ThinScroller.swift */,
			);
			path = Supporting;
			sourceTree = "<group>";
		};
		2015D9E887C6B2EC48580A06 /* Trackpad */ = {
			isa = PBXGroup;
			children = (
				4B6A6CB92C90661525BDA6D5 /* MultitouchSupportAdapter.swift */,
				039525A70024F5658EF1DADF /* MultitouchSupportBridge.c */,
				21764BB34088AEF80C46202F /* MultitouchSupportBridge.h */,
				82CD6D1DEDFB800C5A0C8A63 /* MultitouchSupportPrivateABI.h */,
			);
			path = Trackpad;
			sourceTree = "<group>";
		};
		25139DF80E267805BEF01EB8 /* GestureEditor */ = {
			isa = PBXGroup;
			children = (
				5BE0418F825435B9117E49E9 /* ActionPickerView.swift */,
				4BA8FAE67C204CC720FCDDC3 /* AppInfoLookup.swift */,
				ED0EFAFC9FCCFA90E3875CE0 /* AppScopeEditorView.swift */,
				E274C0BB3CD32706BC07696A /* GestureEditorView.swift */,
				38AF912BB42787B967675B7F /* GestureInputCatalog.swift */,
				2F9A2C01E06BB9DBFEC1F549 /* GestureInputEditorView.swift */,
				602385BB4F214193DE32572E /* GesturePreviewGeometry.swift */,
				D79557E37E9938D8280DEF14 /* GestureRecorderView.swift */,
				1D8050E5F97418EEFD5A9705 /* GestureTestView.swift */,
				822A88F82CA58D4ED1CE45FF /* InstalledAppPickerSheet.swift */,
				E79923BB946697A53725B3AE /* ScriptTextArea.swift */,
			);
			path = GestureEditor;
			sourceTree = "<group>";
		};
		349752852ED842AB0D0DB600 /* Onboarding */ = {
			isa = PBXGroup;
			children = (
				6F31C8BDB8D6D17BAF30FEDF /* OnboardingDoneStep.swift */,
				9516A610B12F2564617DFB02 /* OnboardingGestureDemoStep.swift */,
				1C788D1B156AB40831445309 /* OnboardingPermissionStep.swift */,
				9E61EA321196174E22E38064 /* OnboardingStrokeAnimationView.swift */,
				54AFAC82E770FEAB174F83A2 /* OnboardingView.swift */,
				7C656874384F388B3007071C /* OnboardingWelcomeStep.swift */,
			);
			path = Onboarding;
			sourceTree = "<group>";
		};
		39F1CF83DD07AF737958F757 /* Resources */ = {
			isa = PBXGroup;
			children = (
				147B4215AD8AB06B41161F4A /* Assets.xcassets */,
				D19421880A471A2AFFF0DBED /* Info.plist */,
				94753CFBD2B86AEC2877E1F1 /* Localizable.xcstrings */,
				EB9D52E0619148579DAE5E89 /* THIRD_PARTY_NOTICES.txt */,
			);
			path = Resources;
			sourceTree = "<group>";
		};
		45F6C039870DC1C63FCEFD84 /* Settings */ = {
			isa = PBXGroup;
			children = (
				C8418C26B221EF3DCC716BB6 /* AboutSettingsView.swift */,
				F9C6FCA0A4196CE5CF54B1FE /* GeneralSettingsView.swift */,
				FBF9E7C38DE9F736CE2A4865 /* GestureSidebarCatalog.swift */,
				57F3BBBB6E0585911BD547E7 /* GesturesSettingsView.swift */,
				F650D208EF74E02DBE3D6370 /* PermissionsSettingsView.swift */,
				F5BF1D107974DDF46B0DCC31 /* SettingsRootView.swift */,
				49DAC66DC39F7BA1A4A25F47 /* SettingsWindowController.swift */,
				0BE55977BE8B6B5236826A1C /* SyncSettingsView.swift */,
			);
			path = Settings;
			sourceTree = "<group>";
		};
		5E0FFB164A1A272E1E26F531 /* StrokeMouse */ = {
			isa = PBXGroup;
			children = (
				0F7653538CD144B861353730 /* App */,
				60A2AA7C3A13A12FE9D86C5E /* Core */,
				964AAA70183800AE9A528FB6 /* Features */,
				39F1CF83DD07AF737958F757 /* Resources */,
				1EFB4857B841467CC0E05457 /* Supporting */,
			);
			path = StrokeMouse;
			sourceTree = "<group>";
		};
		5E61ADD96E3C925F8F271953 /* Packages */ = {
			isa = PBXGroup;
			children = (
				EE591A553B1A68F053129464 /* PermissionFlow */,
			);
			name = Packages;
			sourceTree = "<group>";
		};
		60A2AA7C3A13A12FE9D86C5E /* Core */ = {
			isa = PBXGroup;
			children = (
				18FABE808BD3B6372F2311B2 /* Actions */,
				DDDE04C11A37F15F78935DA5 /* Config */,
				8C05BF05320288D2140C7190 /* EventTap */,
				0BA2BD490A5812BBD1FD4629 /* GestureRecognition */,
				81910705BE5EB78664160A24 /* Permissions */,
				CBDF0F0601B8A0868266A60E /* Sync */,
				2015D9E887C6B2EC48580A06 /* Trackpad */,
				F1E88889E55C0776506B1D77 /* Updates */,
			);
			path = Core;
			sourceTree = "<group>";
		};
		81910705BE5EB78664160A24 /* Permissions */ = {
			isa = PBXGroup;
			children = (
				1775A9C2F88E77D337F0C1A7 /* PermissionManager.swift */,
			);
			path = Permissions;
			sourceTree = "<group>";
		};
		8C05BF05320288D2140C7190 /* EventTap */ = {
			isa = PBXGroup;
			children = (
				067EB66E5A0730B45DD3CDC9 /* ModifierEventTap.swift */,
				84952723214A84B48A39B49C /* MouseEventTap.swift */,
			);
			path = EventTap;
			sourceTree = "<group>";
		};
		964AAA70183800AE9A528FB6 /* Features */ = {
			isa = PBXGroup;
			children = (
				25139DF80E267805BEF01EB8 /* GestureEditor */,
				E2D978D2B90921CBF599298D /* MenuBar */,
				349752852ED842AB0D0DB600 /* Onboarding */,
				45F6C039870DC1C63FCEFD84 /* Settings */,
			);
			path = Features;
			sourceTree = "<group>";
		};
		A1DBBCFE9094C720CFD1E045 /* StrokeMouseTests */ = {
			isa = PBXGroup;
			children = (
				DD90E1C62C582165F4E344E3 /* Fixtures */,
				93816688BF534D30F605C04B /* ActionExecutorTests.swift */,
				336195192821619700D648E6 /* AppleScriptPresetTests.swift */,
				6560067B76623B27EB0D659D /* BackupCodecTests.swift */,
				EA4A4174386E01996C2659FC /* BackupMergePlannerTests.swift */,
				D43EA01F5571563CE898BC4A /* BackupRemoteAdapterTests.swift */,
				3CBD29CCBDF8CF4D7E74B146 /* BrandIconProviderTests.swift */,
				9AD5BBAB7701804C86968E56 /* ConfigStoreBackupTests.swift */,
				98D9162552C06A30E1C09BE2 /* ConfigStoreTests.swift */,
				2A35DC04E6F7120A91CB8625 /* ConfigurationSyncTests.swift */,
				33561D1F5A6EBFDCA214257B /* DirectTrackpadGestureMatcherTests.swift */,
				4C9C3C1F6C1ECD7F93858EA5 /* DrawingStyleTests.swift */,
				6DFE7ABED11FF3DE10C7A885 /* GestureMatchAcceptanceTests.swift */,
				3F9B2AA436B8CCF6AA8B824D /* GesturePreviewGeometryTests.swift */,
				54CA52355745A5A6D9B973A2 /* GestureRecognitionEvaluationTests.swift */,
				FF73E5022A41E8DECDE05684 /* GestureRecognitionTestSupport.swift */,
				A5321F89AFC319DE8B26D634 /* GestureRuntimeTests.swift */,
				1CBD687F412774AB57EF266A /* GestureSessionGateTests.swift */,
				6A9DD8474359F92B06EE74D3 /* GestureSidebarCatalogTests.swift */,
				10D675512596F08CE5CE4B45 /* GestureTargetScreenGeometryTests.swift */,
				D2BB52C6E5D7B37651B0CB62 /* GestureTargetSessionTests.swift */,
				4826523C9F27887D54038C3F /* GestureTestLogStoreTests.swift */,
				F15CF81789BF49CEF3BBB408 /* L10nTests.swift */,
				EABCF9846F2A55A71FB2EA46 /* LiveGestureViabilityTests.swift */,
				6C02329CC00072591D2164DF /* MacGestureTargetCapturerTests.swift */,
				68B32901C6B13D65143B765E /* MenuBarVisibilityTests.swift */,
				42979BFAA5B73F8ECAA3E66C /* ModifierEventTapTests.swift */,
				20716A72CE50AAAF14BE0080 /* MouseEventTapTests.swift */,
				F4FE09D3666B7985788686EB /* MultitouchSupportAdapterTests.swift */,
				F2ED089878497180E5171D33 /* PathSimplifierTests.swift */,
				1F95096A51EEB34D4E90128F /* PortableSettingsTests.swift */,
				14FABE7557D75F04454A18D3 /* RecordedGestureRegressionTests.swift */,
				6EA0C7EB78CC73A148D98A56 /* RoundedTurnGestureRegressionTests.swift */,
				6B129D1D7D12193759616495 /* ScriptSyntaxHighlighterTests.swift */,
				5CE429C7D6F08B9879B8BD12 /* ShortcutActionTests.swift */,
				A68E402F136909412329BE80 /* ShortcutChordTests.swift */,
				DD4D523700FF6CC1AD9FC324 /* ShortcutConfigCompatibilityTests.swift */,
				8BF18EBFBDB8449C757BABFB /* ShortcutRecordingStateTests.swift */,
				BD25A226A057CAD42F39F24C /* StrokeMouseSparkleUserDriverTests.swift */,
				13949AD7FB3A58C54F920653 /* TemplateMatcherRobustnessTests.swift */,
				2EB15E814ADB4C587A458F7A /* TemplateMatcherTests.swift */,
				EC8150B920A4A65C4D952582 /* TrackpadGestureClassifierTests.swift */,
				4004C004651EDE31AE065864 /* TrackpadTapSequenceResolverTests.swift */,
				49154A7D7A13DAC7BB56C19E /* UpdateInstallEnvironmentTests.swift */,
				028665E78A611CE3540B0F40 /* WideTurnGestureRegressionTests.swift */,
				857224F415772C5D50C8A67F /* WindowActionsTests.swift */,
			);
			path = StrokeMouseTests;
			sourceTree = "<group>";
		};
		CBDF0F0601B8A0868266A60E /* Sync */ = {
			isa = PBXGroup;
			children = (
				97B85EADE91EAB577578540E /* BackupCrypto.swift */,
				5EDDA1BDE486EF2C844A9CAF /* BackupMergePlanner.swift */,
				CEE4923AC770F5F00382D55B /* BackupModels.swift */,
				177EB7550818212C169888EC /* BackupRemoteAdapter.swift */,
				68BCC6BB789312E4533A3B77 /* ConfigurationRestoreEngine.swift */,
				94567B50F3B6EF622C4C9BB6 /* ConfigurationSync.swift */,
				25134511E8B55B7DF1912C90 /* ConfigurationSyncModels.swift */,
				6F61904CB5320A9A03A3857F /* ConfigurationSyncPersistence.swift */,
				F36DF0DA04B3B5564C71B573 /* CredentialVault.swift */,
				97BC16B386D25960A1259D3B /* GitHubGistBackupAdapter.swift */,
				77A41F19A38C5C79C34D5688 /* PortableSettings.swift */,
				7F5951717E74675B15ED756B /* PortableSettingsMerge.swift */,
				F61007FCE8C8E0DAB1B56887 /* WebDAVBackupAdapter.swift */,
			);
			path = Sync;
			sourceTree = "<group>";
		};
		DD90E1C62C582165F4E344E3 /* Fixtures */ = {
			isa = PBXGroup;
			children = (
				E7D00A1B0CD2EDA8D001D417 /* RecordedPeakGestureFixture.json */,
				B1433691AAC42589F503744F /* RecordedRoundedTurnGestureFixture.json */,
				7D1F6EC2AF6B064C91349D1B /* RecordedWideTurnGestureFixture.json */,
			);
			path = Fixtures;
			sourceTree = "<group>";
		};
		DDDE04C11A37F15F78935DA5 /* Config */ = {
			isa = PBXGroup;
			children = (
				0E984684C8AA6EE77170D9FF /* ConfigModels.swift */,
				529A15D1DC718AD44CEB4E80 /* ConfigStore.swift */,
				23D250D67E81EBC89CAFE75D /* DefaultGestures.swift */,
			);
			path = Config;
			sourceTree = "<group>";
		};
		E2D978D2B90921CBF599298D /* MenuBar */ = {
			isa = PBXGroup;
			children = (
				6D98C4518A7B068EAB4F3900 /* MenuBarView.swift */,
			);
			path = MenuBar;
			sourceTree = "<group>";
		};
		EAE0F4FE34DC0661252601F1 = {
			isa = PBXGroup;
			children = (
				5E61ADD96E3C925F8F271953 /* Packages */,
				5E0FFB164A1A272E1E26F531 /* StrokeMouse */,
				A1DBBCFE9094C720CFD1E045 /* StrokeMouseTests */,
				EE280533CA9180C480978E06 /* Products */,
			);
			sourceTree = "<group>";
		};
		EE280533CA9180C480978E06 /* Products */ = {
			isa = PBXGroup;
			children = (
				20B18ED6AE19AA44F9CBB4DD /* StrokeMouse.app */,
				D477FDD0F83420A0E10E7437 /* StrokeMouseTests.xctest */,
			);
			name = Products;
			sourceTree = "<group>";
		};
		F1E88889E55C0776506B1D77 /* Updates */ = {
			isa = PBXGroup;
			children = (
				CAFC6883AC3A379A84216BC0 /* StrokeMouseSparkleUserDriver.swift */,
				0416F5DF5B1FA8657A2CB54C /* UpdateInstallEnvironment.swift */,
				64B56AF8C2C5E7BC4C3E908D /* UpdaterService.swift */,
				43BF1333F568461C3FF2CD75 /* UpdateStatusWindowController.swift */,
			);
			path = Updates;
			sourceTree = "<group>";
		};
/* End PBXGroup section */

/* Begin PBXNativeTarget section */
		7C38D18543BD1F599E387E40 /* StrokeMouseTests */ = {
			isa = PBXNativeTarget;
			buildConfigurationList = 816278E632403338315B905E /* Build configuration list for PBXNativeTarget "StrokeMouseTests" */;
			buildPhases = (
				1CE23081BD71A1BAC63C86AF /* Sources */,
				5B0EC16FA8B254DD7101A758 /* Resources */,
			);
			buildRules = (
			);
			dependencies = (
				2281BD475166D50AA98157ED /* PBXTargetDependency */,
			);
			name = StrokeMouseTests;
			packageProductDependencies = (
			);
			productName = StrokeMouseTests;
			productReference = D477FDD0F83420A0E10E7437 /* StrokeMouseTests.xctest */;
			productType = "com.apple.product-type.bundle.unit-test";
		};
		C1E0F1EA09733486D09FF6EF /* StrokeMouse */ = {
			isa = PBXNativeTarget;
			buildConfigurationList = 917894CE8C9BC653BBA57A94 /* Build configuration list for PBXNativeTarget "StrokeMouse" */;
			buildPhases = (
				F2D25C687D31CEE18BC5739B /* Sources */,
				A2785FC59BE833F4A46BC6D3 /* Resources */,
				B67DC0E07B3D0E19A073068E /* Frameworks */,
			);
			buildRules = (
			);
			dependencies = (
			);
			name = StrokeMouse;
			packageProductDependencies = (
				D3668B03DF4D1270ACA75381 /* LaunchAtLogin */,
				5201D415586DA02B7DCC027D /* Sparkle */,
				656B488EA8DCC724598DA1B5 /* PermissionFlow */,
			);
			productName = StrokeMouse;
			productReference = 20B18ED6AE19AA44F9CBB4DD /* StrokeMouse.app */;
			productType = "com.apple.product-type.application";
		};
/* End PBXNativeTarget section */

/* Begin PBXProject section */
		C1D0B973B110FF8E3E9D77F9 /* Project object */ = {
			isa = PBXProject;
			attributes = {
				BuildIndependentTargetsInParallel = YES;
				LastUpgradeCheck = 1600;
				TargetAttributes = {
					7C38D18543BD1F599E387E40 = {
						DevelopmentTeam = "";
						ProvisioningStyle = Manual;
					};
					C1E0F1EA09733486D09FF6EF = {
						DevelopmentTeam = "";
						ProvisioningStyle = Manual;
					};
				};
			};
			buildConfigurationList = 5DAE5D707BB15943F015CD52 /* Build configuration list for PBXProject "StrokeMouse" */;
			developmentRegion = en;
			hasScannedForEncodings = 0;
			knownRegions = (
				Base,
				en,
				"zh-Hans",
			);
			mainGroup = EAE0F4FE34DC0661252601F1;
			minimizedProjectReferenceProxies = 1;
			packageReferences = (
				357ECDA99D0D53543505C0EC /* XCRemoteSwiftPackageReference "LaunchAtLogin-Modern" */,
				9265C7BB3947BCE82CC4E3F5 /* XCRemoteSwiftPackageReference "Sparkle" */,
				BEB9FE9C8026A09B84403476 /* XCLocalSwiftPackageReference "Vendor/PermissionFlow" */,
			);
			preferredProjectObjectVersion = 77;
			productRefGroup = EE280533CA9180C480978E06 /* Products */;
			projectDirPath = "";
			projectRoot = "";
			targets = (
				C1E0F1EA09733486D09FF6EF /* StrokeMouse */,
				7C38D18543BD1F599E387E40 /* StrokeMouseTests */,
			);
		};
/* End PBXProject section */

/* Begin PBXResourcesBuildPhase section */
		5B0EC16FA8B254DD7101A758 /* Resources */ = {
			isa = PBXResourcesBuildPhase;
			buildActionMask = 2147483647;
			files = (
				ACC22C5934BAC6C3D508658C /* RecordedPeakGestureFixture.json in Resources */,
				5F03EEC273468860A6BA4BC3 /* RecordedRoundedTurnGestureFixture.json in Resources */,
				8B6300ABAAAD4D6849EB6DF1 /* RecordedWideTurnGestureFixture.json in Resources */,
			);
			runOnlyForDeploymentPostprocessing = 0;
		};
		A2785FC59BE833F4A46BC6D3 /* Resources */ = {
			isa = PBXResourcesBuildPhase;
			buildActionMask = 2147483647;
			files = (
				5013BB200F437C3F74F0F95A /* Assets.xcassets in Resources */,
				90EE2B11459536694E1CEB31 /* Localizable.xcstrings in Resources */,
				0F29CE617C237EAF8B1A089A /* THIRD_PARTY_NOTICES.txt in Resources */,
			);
			runOnlyForDeploymentPostprocessing = 0;
		};
/* End PBXResourcesBuildPhase section */

/* Begin PBXSourcesBuildPhase section */
		1CE23081BD71A1BAC63C86AF /* Sources */ = {
			isa = PBXSourcesBuildPhase;
			buildActionMask = 2147483647;
			files = (
				670A950AACF44A7C73766022 /* ActionExecutorTests.swift in Sources */,
				AFC1F6D12E7756E0E69FC246 /* AppleScriptPresetTests.swift in Sources */,
				CDD2ECA1028672B3E798F734 /* BackupCodecTests.swift in Sources */,
				C25F1F437546584684E4D2F3 /* BackupMergePlannerTests.swift in Sources */,
				A05785D7C9718C89E7EF360C /* BackupRemoteAdapterTests.swift in Sources */,
				2D902E742A9EE33E7EEB9764 /* BrandIconProviderTests.swift in Sources */,
				F11908CF89551B0E88F64302 /* ConfigStoreBackupTests.swift in Sources */,
				FBDA4146289AB98BC90DDFC7 /* ConfigStoreTests.swift in Sources */,
				6052F7EB1FC8730330B106EC /* ConfigurationSyncTests.swift in Sources */,
				B331119296C88DF2C2D1B7BA /* DirectTrackpadGestureMatcherTests.swift in Sources */,
				D11A3170168D8AD975B9B642 /* DrawingStyleTests.swift in Sources */,
				08EF0DFAFB058FB916B6B7EC /* GestureMatchAcceptanceTests.swift in Sources */,
				D9B76A9D12CB36947ADC7CF0 /* GesturePreviewGeometryTests.swift in Sources */,
				8D995A28C1B846AA0A41FFDA /* GestureRecognitionEvaluationTests.swift in Sources */,
				330B56DE19318DEA2E4AEFCB /* GestureRecognitionTestSupport.swift in Sources */,
				535786A45EE9A7031DB247C4 /* GestureRuntimeTests.swift in Sources */,
				D7420DE820BA3DCCF762CD80 /* GestureSessionGateTests.swift in Sources */,
				F23016400AFE5E142FCEE5BA /* GestureSidebarCatalogTests.swift in Sources */,
				240E075D6B30396A4567298A /* GestureTargetScreenGeometryTests.swift in Sources */,
				5AC6E0CD6F03DEB61DDDC472 /* GestureTargetSessionTests.swift in Sources */,
				970E7CBEB1F6778DD8421788 /* GestureTestLogStoreTests.swift in Sources */,
				F902B57607C37D3667C9BCEC /* L10nTests.swift in Sources */,
				EDC6CE2184ACAFB0EC2892FE /* LiveGestureViabilityTests.swift in Sources */,
				2FF089947D2215AE5A3E10E0 /* MacGestureTargetCapturerTests.swift in Sources */,
				EF31D3BCE08169B638F9A3D9 /* MenuBarVisibilityTests.swift in Sources */,
				6F0B8352B56C785773AA80C0 /* ModifierEventTapTests.swift in Sources */,
				2B6DA9C43709C5D395131A7A /* MouseEventTapTests.swift in Sources */,
				6483D13638435CF3754CD2CF /* MultitouchSupportAdapterTests.swift in Sources */,
				6D1F01F353DD34C2D2DED17C /* PathSimplifierTests.swift in Sources */,
				D6B620376FB1F6A13567B4CE /* PortableSettingsTests.swift in Sources */,
				E01BA93602F40149667956C3 /* RecordedGestureRegressionTests.swift in Sources */,
				79315B7FA09E2D872510783C /* RoundedTurnGestureRegressionTests.swift in Sources */,
				DD586AF3FCC817BF66A40AE4 /* ScriptSyntaxHighlighterTests.swift in Sources */,
				3A323DCADAB3F26A2D3DA5A1 /* ShortcutActionTests.swift in Sources */,
				4D4988EAABFCC6FF61BA80D0 /* ShortcutChordTests.swift in Sources */,
				40CE482C9648F3135B94C0D9 /* ShortcutConfigCompatibilityTests.swift in Sources */,
				B8441D2B35F22167CE5DFB3B /* ShortcutRecordingStateTests.swift in Sources */,
				EC03135677C5A98ABA78DF9E /* StrokeMouseSparkleUserDriverTests.swift in Sources */,
				62EB66605E25A5D9D4969CD4 /* TemplateMatcherRobustnessTests.swift in Sources */,
				03695EB3DCD049EC658E8DFE /* TemplateMatcherTests.swift in Sources */,
				A4B89431562F557A3DB2DECA /* TrackpadGestureClassifierTests.swift in Sources */,
				B58EFA9BC0DE9C46FCCA410A /* TrackpadTapSequenceResolverTests.swift in Sources */,
				52A2E7657189F2AE59B06896 /* UpdateInstallEnvironmentTests.swift in Sources */,
				B0ACCE525FB81B91CDDBEBBC /* WideTurnGestureRegressionTests.swift in Sources */,
				7DE8DB4834D4EF6AE7988EDC /* WindowActionsTests.swift in Sources */,
			);
			runOnlyForDeploymentPostprocessing = 0;
		};
		F2D25C687D31CEE18BC5739B /* Sources */ = {
			isa = PBXSourcesBuildPhase;
			buildActionMask = 2147483647;
			files = (
				4C2AF6694FC69E3BD64F3FB2 /* AboutSettingsView.swift in Sources */,
				9F37854DA1AF762096CCF218 /* ActionExecutor.swift in Sources */,
				76176D22C361545C290954B7 /* ActionPickerView.swift in Sources */,
				26BFB54CA1E4A951518FFA34 /* AppDelegate.swift in Sources */,
				D85CCB3101AB81ED2D8B2509 /* AppInfoLookup.swift in Sources */,
				B9C9F65019AB0739CAAA8D27 /* AppScopeEditorView.swift in Sources */,
				9CBF622F25393865A8BB8953 /* AppState.swift in Sources */,
				4514A7E399E7201D87C1701D /* BackupCrypto.swift in Sources */,
				FBCFFA99085CB8344F3FBE31 /* BackupMergePlanner.swift in Sources */,
				5073361A2245CC9E9C1FCAC2 /* BackupModels.swift in Sources */,
				7FE102E9A15CB153DFB95524 /* BackupRemoteAdapter.swift in Sources */,
				3A3767446F6A0FA47FED3516 /* ConfigModels.swift in Sources */,
				28E44A84AA72BC6A41FD8523 /* ConfigStore.swift in Sources */,
				E9DFC3A9210081869A4F16FD /* ConfigurationRestoreEngine.swift in Sources */,
				3797A2398EF19AF7C4890135 /* ConfigurationSync.swift in Sources */,
				F7F1DE2FD5B5C9F7690D334F /* ConfigurationSyncModels.swift in Sources */,
				B3FFD040044A1488C02E9333 /* ConfigurationSyncPersistence.swift in Sources */,
				EBDB9210663352EE32C1E7CB /* Constants.swift in Sources */,
				977B59F5AB202F007572E37B /* CredentialVault.swift in Sources */,
				FB5C12928D32725D70F0B23B /* DefaultGestures.swift in Sources */,
				0A93183EE136530667B54FE7 /* DirectTrackpadGestureMatcher.swift in Sources */,
				4CCD1DEF59DD8181617B7749 /* DirectionQuantizer.swift in Sources */,
				C73B963959ECDF8C29C7511E /* DrawingStyle.swift in Sources */,
				AE5A014CA2DE40FF80FCF82F /* GeneralSettingsView.swift in Sources */,
				B80BE40DA1B47024F88B922E /* GestureEditorView.swift in Sources */,
				D291D46AD32BE5FA4DDAC557 /* GestureHUDController.swift in Sources */,
				B9C7977DC5CD3A9DFBE67483 /* GestureInputCatalog.swift in Sources */,
				25C560B32DC3337A8E162CB1 /* GestureInputEditorView.swift in Sources */,
				73AE2FC07F0098992281BDF3 /* GesturePreviewGeometry.swift in Sources */,
				EC7D34046A74A119BD91BFA8 /* GestureRecognitionEvaluator.swift in Sources */,
				451B7D5AA7B467FE2C636D75 /* GestureRecorderView.swift in Sources */,
				0D0D77472EF24AD794D6F389 /* GestureRuntime.swift in Sources */,
				1DDC854DDF6BC04F05F5F3B6 /* GestureRuntimeModels.swift in Sources */,
				AC120BF8923544C793A151B2 /* GestureSessionGate.swift in Sources */,
				2EA0EF1515E3867AA1803E7B /* GestureSidebarCatalog.swift in Sources */,
				6A779C63DB52943D70EDF4D2 /* GestureTargetAXAccessor.swift in Sources */,
				1E1C606F2E1245BCA6A64955 /* GestureTargetScreenGeometry.swift in Sources */,
				69219E8CEC8653411F51BAD6 /* GestureTargeting.swift in Sources */,
				3646563D85C01E4FFDFCD27D /* GestureTestLogStore.swift in Sources */,
				F70094A2F3CD92A4EF03B019 /* GestureTestView.swift in Sources */,
				0C12F324F567CA73C88F835F /* GestureToastController.swift in Sources */,
				44B7279194D90FFBFE32AD2C /* GesturesSettingsView.swift in Sources */,
				156F33CA7690E56D6BDDA218 /* GitHubGistBackupAdapter.swift in Sources */,
				543E9746C988D0E9FF494CB9 /* InstalledAppPickerSheet.swift in Sources */,
				294740A2D214386A7D6D8B90 /* KeyCodeNames.swift in Sources */,
				398517CFA655FE0CBA4FDB39 /* L10n.swift in Sources */,
				146A656F8C4C5E6F16B28416 /* LiveGestureViability.swift in Sources */,
				7DCC1A5A1EE0CDB4DFC00AD8 /* MacGestureTargetCaptureSystemClient.swift in Sources */,
				2A4F5FCFBEB94F3A83A9D745 /* MacGestureTargetCapturer.swift in Sources */,
				6CDAF943E2123FC84E14B7C4 /* MacGestureTargetSystemClient.swift in Sources */,
				B8EAD7909208F1B62AE87E28 /* MediaActions.swift in Sources */,
				04118FC939E403409A55685F /* MenuBarView.swift in Sources */,
				D62E3810899D0262810ADAC5 /* ModifierEventTap.swift in Sources */,
				029413DE3A4F3A5782EED830 /* MouseEventTap.swift in Sources */,
				9AADCAE8E18ABFBE9F6EA07F /* MultitouchSupportAdapter.swift in Sources */,
				0DD322180B327589CAD72E8E /* MultitouchSupportBridge.c in Sources */,
				12680E68B1E2318621780099 /* OnboardingDoneStep.swift in Sources */,
				AE5269ADCB61E07080114265 /* OnboardingGestureDemoStep.swift in Sources */,
				8C211C4028CCB749587D9475 /* OnboardingPermissionStep.swift in Sources */,
				E8BB3613ABE70AA08389DEEA /* OnboardingStrokeAnimationView.swift in Sources */,
				777958F78D9BB56F2A98506D /* OnboardingView.swift in Sources */,
				85138224BFA71E7A11E6E6D9 /* OnboardingWelcomeStep.swift in Sources */,
				467E49C1EFFB66751B22F31F /* PathSimplifier.swift in Sources */,
				8158A8B851DFF34D24F12D31 /* PathTemplates.swift in Sources */,
				178341CBA6AF4BBE91B73070 /* PermissionManager.swift in Sources */,
				C5705C1D05286672AC505423 /* PermissionsSettingsView.swift in Sources */,
				3A13C104E590DDF69865A5AA /* PortableSettings.swift in Sources */,
				1DD6CF90791658CDFF8D6BE2 /* PortableSettingsMerge.swift in Sources */,
				2DC0E01E80CF648666507BED /* ScriptActions.swift in Sources */,
				7ABD9D3AADB055C7B11AE8ED /* ScriptTextArea.swift in Sources */,
				5481CC5F8E2F2A01D0CF2EEF /* SettingsRootView.swift in Sources */,
				9AABF720271214D69DCECB5A /* SettingsWindowController.swift in Sources */,
				C17AD4EA4BE6FA1A7CAC2DD2 /* ShortcutAction.swift in Sources */,
				18068E8079C8896761FF1AB3 /* ShortcutRecorderTap.swift in Sources */,
				49C72BF25B83BD3162DCB1E2 /* StrokeMouseApp.swift in Sources */,
				EE5CA71222B820C08651A4A6 /* StrokeMouseSparkleUserDriver.swift in Sources */,
				901EA362FE7E25FD626D9770 /* StrokeSegmentReducer.swift in Sources */,
				3DD63F18311CA1615B377DB1 /* StrokeStructureExtractor.swift in Sources */,
				B9960543D46B76C5E9815B62 /* StrokeStructureMatcher.swift in Sources */,
				CF391611AFCD5B70650F13A9 /* SyncSettingsView.swift in Sources */,
				0F627F01C53DA063261069F3 /* TemplateMatcher.swift in Sources */,
				D56C1EDF0A7A9A819C69673E /* ThinScroller.swift in Sources */,
				F580B5FA9DAE08E7AA9B23C6 /* TrackpadGestureClassifier.swift in Sources */,
				9A23A82B8F056B7F43019F17 /* TrackpadTapSequenceResolver.swift in Sources */,
				53A171DC940BF35226024869 /* TrackpadTouchModels.swift in Sources */,
				35542074433ECC3F753FC46A /* UnistrokeGeometry.swift in Sources */,
				482945D696FD548863BECAB8 /* UpdateInstallEnvironment.swift in Sources */,
				DFA03D461BDA431C62C0B3EA /* UpdateStatusWindowController.swift in Sources */,
				721E85E7E8A4D3AD7F178E9E /* UpdaterService.swift in Sources */,
				0439F66CF2725C3A26986A10 /* WebDAVBackupAdapter.swift in Sources */,
				3EEDA88119AD7CE70468561C /* WindowActions.swift in Sources */,
			);
			runOnlyForDeploymentPostprocessing = 0;
		};
/* End PBXSourcesBuildPhase section */

/* Begin PBXTargetDependency section */
		2281BD475166D50AA98157ED /* PBXTargetDependency */ = {
			isa = PBXTargetDependency;
			target = C1E0F1EA09733486D09FF6EF /* StrokeMouse */;
			targetProxy = 059589530A18FF808E6D8FDC /* PBXContainerItemProxy */;
		};
/* End PBXTargetDependency section */

/* Begin XCBuildConfiguration section */
		1150E4E35AC377B48A547F16 /* Release */ = {
			isa = XCBuildConfiguration;
			buildSettings = {
				ALWAYS_SEARCH_USER_PATHS = NO;
				CLANG_ANALYZER_NONNULL = YES;
				CLANG_ANALYZER_NUMBER_OBJECT_CONVERSION = YES_AGGRESSIVE;
				CLANG_CXX_LANGUAGE_STANDARD = "gnu++14";
				CLANG_CXX_LIBRARY = "libc++";
				CLANG_ENABLE_MODULES = YES;
				CLANG_ENABLE_OBJC_ARC = YES;
				CLANG_ENABLE_OBJC_WEAK = YES;
				CLANG_WARN_BLOCK_CAPTURE_AUTORELEASING = YES;
				CLANG_WARN_BOOL_CONVERSION = YES;
				CLANG_WARN_COMMA = YES;
				CLANG_WARN_CONSTANT_CONVERSION = YES;
				CLANG_WARN_DEPRECATED_OBJC_IMPLEMENTATIONS = YES;
				CLANG_WARN_DIRECT_OBJC_ISA_USAGE = YES_ERROR;
				CLANG_WARN_DOCUMENTATION_COMMENTS = YES;
				CLANG_WARN_EMPTY_BODY = YES;
				CLANG_WARN_ENUM_CONVERSION = YES;
				CLANG_WARN_INFINITE_RECURSION = YES;
				CLANG_WARN_INT_CONVERSION = YES;
				CLANG_WARN_NON_LITERAL_NULL_CONVERSION = YES;
				CLANG_WARN_OBJC_IMPLICIT_RETAIN_SELF = YES;
				CLANG_WARN_OBJC_LITERAL_CONVERSION = YES;
				CLANG_WARN_OBJC_ROOT_CLASS = YES_ERROR;
				CLANG_WARN_QUOTED_INCLUDE_IN_FRAMEWORK_HEADER = YES;
				CLANG_WARN_RANGE_LOOP_ANALYSIS = YES;
				CLANG_WARN_STRICT_PROTOTYPES = YES;
				CLANG_WARN_SUSPICIOUS_MOVE = YES;
				CLANG_WARN_UNGUARDED_AVAILABILITY = YES_AGGRESSIVE;
				CLANG_WARN_UNREACHABLE_CODE = YES;
				CLANG_WARN__DUPLICATE_METHOD_MATCH = YES;
				CODE_SIGN_IDENTITY = "StrokeMouse Dev";
				CODE_SIGN_STYLE = Manual;
				COPY_PHASE_STRIP = NO;
				DEBUG_INFORMATION_FORMAT = "dwarf-with-dsym";
				DEVELOPMENT_TEAM = "";
				ENABLE_NS_ASSERTIONS = NO;
				ENABLE_STRICT_OBJC_MSGSEND = YES;
				GCC_C_LANGUAGE_STANDARD = gnu11;
				GCC_NO_COMMON_BLOCKS = YES;
				GCC_WARN_64_TO_32_BIT_CONVERSION = YES;
				GCC_WARN_ABOUT_RETURN_TYPE = YES_ERROR;
				GCC_WARN_UNDECLARED_SELECTOR = YES;
				GCC_WARN_UNINITIALIZED_AUTOS = YES_AGGRESSIVE;
				GCC_WARN_UNUSED_FUNCTION = YES;
				GCC_WARN_UNUSED_VARIABLE = YES;
				MACOSX_DEPLOYMENT_TARGET = 14.0;
				MTL_ENABLE_DEBUG_INFO = NO;
				MTL_FAST_MATH = YES;
				PRODUCT_BUNDLE_IDENTIFIER = com.strokemouse.app;
				PRODUCT_NAME = "$(TARGET_NAME)";
				SDKROOT = macosx;
				SWIFT_COMPILATION_MODE = wholemodule;
				SWIFT_OPTIMIZATION_LEVEL = "-O";
				SWIFT_VERSION = 5.10;
			};
			name = Release;
		};
		4C66259FD763425404E06B2C /* Release */ = {
			isa = XCBuildConfiguration;
			buildSettings = {
				BUNDLE_LOADER = "$(TEST_HOST)";
				CODE_SIGN_IDENTITY = "StrokeMouse Dev";
				CODE_SIGN_STYLE = Manual;
				COMBINE_HIDPI_IMAGES = YES;
				GENERATE_INFOPLIST_FILE = YES;
				LD_RUNPATH_SEARCH_PATHS = (
					"$(inherited)",
					"@executable_path/../Frameworks",
					"@loader_path/../Frameworks",
				);
				PRODUCT_BUNDLE_IDENTIFIER = com.strokemouse.app.tests;
				PROVISIONING_PROFILE_SPECIFIER = "";
				SDKROOT = macosx;
				TEST_HOST = "$(BUILT_PRODUCTS_DIR)/StrokeMouse.app/$(BUNDLE_EXECUTABLE_FOLDER_PATH)/StrokeMouse";
			};
			name = Release;
		};
		7D211E9EC25D3E447D814C07 /* Debug */ = {
			isa = XCBuildConfiguration;
			buildSettings = {
				BUNDLE_LOADER = "$(TEST_HOST)";
				CODE_SIGN_IDENTITY = "StrokeMouse Dev";
				CODE_SIGN_STYLE = Manual;
				COMBINE_HIDPI_IMAGES = YES;
				GENERATE_INFOPLIST_FILE = YES;
				LD_RUNPATH_SEARCH_PATHS = (
					"$(inherited)",
					"@executable_path/../Frameworks",
					"@loader_path/../Frameworks",
				);
				PRODUCT_BUNDLE_IDENTIFIER = com.strokemouse.app.tests;
				PROVISIONING_PROFILE_SPECIFIER = "";
				SDKROOT = macosx;
				TEST_HOST = "$(BUILT_PRODUCTS_DIR)/StrokeMouse.app/$(BUNDLE_EXECUTABLE_FOLDER_PATH)/StrokeMouse";
			};
			name = Debug;
		};
		B0241C7F84597BA605A2EBCA /* Release */ = {
			isa = XCBuildConfiguration;
			buildSettings = {
				APP_DISPLAY_NAME = StrokeMouse;
				ASSETCATALOG_COMPILER_APPICON_NAME = AppIcon;
				CODE_SIGN_ENTITLEMENTS = StrokeMouse/Supporting/StrokeMouse.entitlements;
				CODE_SIGN_IDENTITY = "StrokeMouse Dev";
				CODE_SIGN_STYLE = Manual;
				COMBINE_HIDPI_IMAGES = YES;
				CURRENT_PROJECT_VERSION = 22;
				ENABLE_DEBUG_DYLIB = NO;
				ENABLE_HARDENED_RUNTIME = YES;
				GENERATE_INFOPLIST_FILE = NO;
				INFOPLIST_FILE = StrokeMouse/Resources/Info.plist;
				LD_RUNPATH_SEARCH_PATHS = (
					"$(inherited)",
					"@executable_path/../Frameworks",
				);
				MARKETING_VERSION = 0.0.22;
				PRODUCT_BUNDLE_IDENTIFIER = com.strokemouse.app;
				PRODUCT_NAME = StrokeMouse;
				PROVISIONING_PROFILE_SPECIFIER = "";
				SDKROOT = macosx;
				SPARKLE_PUBLIC_KEY = __REPLACE_WITH_SPARKLE_PUBLIC_ED_KEY__;
				SWIFT_EMIT_LOC_STRINGS = YES;
				SWIFT_OBJC_BRIDGING_HEADER = StrokeMouse/Core/Trackpad/MultitouchSupportBridge.h;
			};
			name = Release;
		};
		CFFF883F799276F181C221D7 /* Debug */ = {
			isa = XCBuildConfiguration;
			buildSettings = {
				ALWAYS_SEARCH_USER_PATHS = NO;
				CLANG_ANALYZER_NONNULL = YES;
				CLANG_ANALYZER_NUMBER_OBJECT_CONVERSION = YES_AGGRESSIVE;
				CLANG_CXX_LANGUAGE_STANDARD = "gnu++14";
				CLANG_CXX_LIBRARY = "libc++";
				CLANG_ENABLE_MODULES = YES;
				CLANG_ENABLE_OBJC_ARC = YES;
				CLANG_ENABLE_OBJC_WEAK = YES;
				CLANG_WARN_BLOCK_CAPTURE_AUTORELEASING = YES;
				CLANG_WARN_BOOL_CONVERSION = YES;
				CLANG_WARN_COMMA = YES;
				CLANG_WARN_CONSTANT_CONVERSION = YES;
				CLANG_WARN_DEPRECATED_OBJC_IMPLEMENTATIONS = YES;
				CLANG_WARN_DIRECT_OBJC_ISA_USAGE = YES_ERROR;
				CLANG_WARN_DOCUMENTATION_COMMENTS = YES;
				CLANG_WARN_EMPTY_BODY = YES;
				CLANG_WARN_ENUM_CONVERSION = YES;
				CLANG_WARN_INFINITE_RECURSION = YES;
				CLANG_WARN_INT_CONVERSION = YES;
				CLANG_WARN_NON_LITERAL_NULL_CONVERSION = YES;
				CLANG_WARN_OBJC_IMPLICIT_RETAIN_SELF = YES;
				CLANG_WARN_OBJC_LITERAL_CONVERSION = YES;
				CLANG_WARN_OBJC_ROOT_CLASS = YES_ERROR;
				CLANG_WARN_QUOTED_INCLUDE_IN_FRAMEWORK_HEADER = YES;
				CLANG_WARN_RANGE_LOOP_ANALYSIS = YES;
				CLANG_WARN_STRICT_PROTOTYPES = YES;
				CLANG_WARN_SUSPICIOUS_MOVE = YES;
				CLANG_WARN_UNGUARDED_AVAILABILITY = YES_AGGRESSIVE;
				CLANG_WARN_UNREACHABLE_CODE = YES;
				CLANG_WARN__DUPLICATE_METHOD_MATCH = YES;
				CODE_SIGN_IDENTITY = "StrokeMouse Dev";
				CODE_SIGN_STYLE = Manual;
				COPY_PHASE_STRIP = NO;
				DEBUG_INFORMATION_FORMAT = dwarf;
				DEVELOPMENT_TEAM = "";
				ENABLE_STRICT_OBJC_MSGSEND = YES;
				ENABLE_TESTABILITY = YES;
				GCC_C_LANGUAGE_STANDARD = gnu11;
				GCC_DYNAMIC_NO_PIC = NO;
				GCC_NO_COMMON_BLOCKS = YES;
				GCC_OPTIMIZATION_LEVEL = 0;
				GCC_PREPROCESSOR_DEFINITIONS = (
					"$(inherited)",
					"DEBUG=1",
				);
				GCC_WARN_64_TO_32_BIT_CONVERSION = YES;
				GCC_WARN_ABOUT_RETURN_TYPE = YES_ERROR;
				GCC_WARN_UNDECLARED_SELECTOR = YES;
				GCC_WARN_UNINITIALIZED_AUTOS = YES_AGGRESSIVE;
				GCC_WARN_UNUSED_FUNCTION = YES;
				GCC_WARN_UNUSED_VARIABLE = YES;
				MACOSX_DEPLOYMENT_TARGET = 14.0;
				MTL_ENABLE_DEBUG_INFO = INCLUDE_SOURCE;
				MTL_FAST_MATH = YES;
				ONLY_ACTIVE_ARCH = YES;
				PRODUCT_BUNDLE_IDENTIFIER = com.strokemouse.app;
				PRODUCT_NAME = "$(TARGET_NAME)";
				SDKROOT = macosx;
				SWIFT_ACTIVE_COMPILATION_CONDITIONS = DEBUG;
				SWIFT_OPTIMIZATION_LEVEL = "-Onone";
				SWIFT_VERSION = 5.10;
			};
			name = Debug;
		};
		DCAAFFCDBAB04560ED623FBC /* Debug */ = {
			isa = XCBuildConfiguration;
			buildSettings = {
				APP_DISPLAY_NAME = "StrokeMouse Dev";
				ASSETCATALOG_COMPILER_APPICON_NAME = AppIcon;
				CODE_SIGN_ENTITLEMENTS = StrokeMouse/Supporting/StrokeMouse.entitlements;
				CODE_SIGN_IDENTITY = "StrokeMouse Dev";
				CODE_SIGN_STYLE = Manual;
				COMBINE_HIDPI_IMAGES = YES;
				CURRENT_PROJECT_VERSION = 22;
				ENABLE_DEBUG_DYLIB = NO;
				ENABLE_HARDENED_RUNTIME = YES;
				GENERATE_INFOPLIST_FILE = NO;
				INFOPLIST_FILE = StrokeMouse/Resources/Info.plist;
				LD_RUNPATH_SEARCH_PATHS = (
					"$(inherited)",
					"@executable_path/../Frameworks",
				);
				MARKETING_VERSION = 0.0.22;
				PRODUCT_BUNDLE_IDENTIFIER = com.strokemouse.app.dev;
				PRODUCT_NAME = StrokeMouse;
				PROVISIONING_PROFILE_SPECIFIER = "";
				SDKROOT = macosx;
				SPARKLE_PUBLIC_KEY = __REPLACE_WITH_SPARKLE_PUBLIC_ED_KEY__;
				SWIFT_EMIT_LOC_STRINGS = YES;
				SWIFT_OBJC_BRIDGING_HEADER = StrokeMouse/Core/Trackpad/MultitouchSupportBridge.h;
			};
			name = Debug;
		};
/* End XCBuildConfiguration section */

/* Begin XCConfigurationList section */
		5DAE5D707BB15943F015CD52 /* Build configuration list for PBXProject "StrokeMouse" */ = {
			isa = XCConfigurationList;
			buildConfigurations = (
				CFFF883F799276F181C221D7 /* Debug */,
				1150E4E35AC377B48A547F16 /* Release */,
			);
			defaultConfigurationIsVisible = 0;
			defaultConfigurationName = Debug;
		};
		816278E632403338315B905E /* Build configuration list for PBXNativeTarget "StrokeMouseTests" */ = {
			isa = XCConfigurationList;
			buildConfigurations = (
				7D211E9EC25D3E447D814C07 /* Debug */,
				4C66259FD763425404E06B2C /* Release */,
			);
			defaultConfigurationIsVisible = 0;
			defaultConfigurationName = Debug;
		};
		917894CE8C9BC653BBA57A94 /* Build configuration list for PBXNativeTarget "StrokeMouse" */ = {
			isa = XCConfigurationList;
			buildConfigurations = (
				DCAAFFCDBAB04560ED623FBC /* Debug */,
				B0241C7F84597BA605A2EBCA /* Release */,
			);
			defaultConfigurationIsVisible = 0;
			defaultConfigurationName = Debug;
		};
/* End XCConfigurationList section */

/* Begin XCLocalSwiftPackageReference section */
		BEB9FE9C8026A09B84403476 /* XCLocalSwiftPackageReference "Vendor/PermissionFlow" */ = {
			isa = XCLocalSwiftPackageReference;
			relativePath = Vendor/PermissionFlow;
		};
/* End XCLocalSwiftPackageReference section */

/* Begin XCRemoteSwiftPackageReference section */
		357ECDA99D0D53543505C0EC /* XCRemoteSwiftPackageReference "LaunchAtLogin-Modern" */ = {
			isa = XCRemoteSwiftPackageReference;
			repositoryURL = "https://github.com/sindresorhus/LaunchAtLogin-Modern";
			requirement = {
				kind = upToNextMajorVersion;
				minimumVersion = 1.1.0;
			};
		};
		9265C7BB3947BCE82CC4E3F5 /* XCRemoteSwiftPackageReference "Sparkle" */ = {
			isa = XCRemoteSwiftPackageReference;
			repositoryURL = "https://github.com/sparkle-project/Sparkle";
			requirement = {
				kind = upToNextMajorVersion;
				minimumVersion = 2.6.0;
			};
		};
/* End XCRemoteSwiftPackageReference section */

/* Begin XCSwiftPackageProductDependency section */
		5201D415586DA02B7DCC027D /* Sparkle */ = {
			isa = XCSwiftPackageProductDependency;
			package = 9265C7BB3947BCE82CC4E3F5 /* XCRemoteSwiftPackageReference "Sparkle" */;
			productName = Sparkle;
		};
		656B488EA8DCC724598DA1B5 /* PermissionFlow */ = {
			isa = XCSwiftPackageProductDependency;
			productName = PermissionFlow;
		};
		D3668B03DF4D1270ACA75381 /* LaunchAtLogin */ = {
			isa = XCSwiftPackageProductDependency;
			package = 357ECDA99D0D53543505C0EC /* XCRemoteSwiftPackageReference "LaunchAtLogin-Modern" */;
			productName = LaunchAtLogin;
		};
/* End XCSwiftPackageProductDependency section */
	};
	rootObject = C1D0B973B110FF8E3E9D77F9 /* Project object */;
}
